
Microsoft Visual Studio Solution File, Format Version 12.00
# Visual Studio Version 17
VisualStudioVersion = 17.3.32804.467
MinimumVisualStudioVersion = 10.0.40219.1
Project("{FAE04EC0-301F-11D3-BF4B-00C04F79EFBC}") = "hex04BinTrack", "hex04BinTrack\hex04BinTrack.csproj", "{06662F27-F4AF-4D84-A8A8-FADE95ACF9A2}"
EndProject
Project("{FAE04EC0-301F-11D3-BF4B-00C04F79EFBC}") = "vwTexGeo1", "vwTexGeo1\vwTexGeo1.csproj", "{E5687374-3E49-4DBC-94EE-9AE65D13D194}"
EndProject
Project("{FAE04EC0-301F-11D3-BF4B-00C04F79EFBC}") = "vu1Dec", "vu1Dec\vu1Dec.csproj", "{BF93A4D0-89E8-4DD2-B9BB-C2C57253B682}"
EndProject
Project("{FAE04EC0-301F-11D3-BF4B-00C04F79EFBC}") = "ReadMemtext", "ReadMemtext\ReadMemtext.csproj", "{8FE7C3FD-CFB5-4D36-A6BF-852316FF9A3B}"
EndProject
Project("{FAE04EC0-301F-11D3-BF4B-00C04F79EFBC}") = "Readmset", "Readmset\Readmset.csproj", "{74B73920-9837-494D-BB63-FF1B2DB936CA}"
EndProject
Project("{FAE04EC0-301F-11D3-BF4B-00C04F79EFBC}") = "vcalc1", "vcalc1\vcalc1.csproj", "{4AB99CFC-ED45-4A7F-A33F-BA6F66018DF8}"
EndProject
Project("{FAE04EC0-301F-11D3-BF4B-00C04F79EFBC}") = "vcalc2", "vrot\vcalc2.csproj", "{A5F0F07A-BDE9-4E52-8742-CF42F40E0654}"
EndProject
Project("{FAE04EC0-301F-11D3-BF4B-00C04F79EFBC}") = "Rapemdls", "Rapemdls\Rapemdls.csproj", "{FB89133D-AAAE-4835-9690-89F1CCF4BB2C}"
EndProject
Project("{FAE04EC0-301F-11D3-BF4B-00C04F79EFBC}") = "vconv122", "vconv122\vconv122.csproj", "{6D95FB97-1AD1-45B0-A37D-09FC80798AAF}"
EndProject
Project("{FAE04EC0-301F-11D3-BF4B-00C04F79EFBC}") = "PMatchPic", "PMatchPic\PMatchPic.csproj", "{444091E7-CDA8-45B4-BDE1-EE5AAA8C6CA7}"
EndProject
Project("{FAE04EC0-301F-11D3-BF4B-00C04F79EFBC}") = "vYaik1", "vYaik1\vYaik1.csproj", "{BF95AF75-717B-4ADF-A0E4-F817DB0F3DEE}"
EndProject
Project("{FAE04EC0-301F-11D3-BF4B-00C04F79EFBC}") = "vu1Sim", "vu1Sim\vu1Sim.csproj", "{0E66943E-C9E0-4B4F-919F-B174C74C9033}"
EndProject
Project("{FAE04EC0-301F-11D3-BF4B-00C04F79EFBC}") = "vu1GetHash", "vu1GetHash\vu1GetHash.csproj", "{A65050B9-A1AF-44F3-B7B3-7734D5CD28D8}"
EndProject
Project("{FAE04EC0-301F-11D3-BF4B-00C04F79EFBC}") = "ee1Dec", "ee1Dec\ee1Dec.csproj", "{994EB604-DB12-4416-A349-D5F6B7B71890}"
EndProject
Project("{FAE04EC0-301F-11D3-BF4B-00C04F79EFBC}") = "7zip443", "7zip443\7zip443.csproj", "{23461DB9-5DBD-4657-B572-0922772E139C}"
EndProject
Project("{FAE04EC0-301F-11D3-BF4B-00C04F79EFBC}") = "ef1Declib", "ef1Declib\ef1Declib.csproj", "{50E37047-9404-4F9E-936B-CC603754F9AF}"
EndProject
Project("{FAE04EC0-301F-11D3-BF4B-00C04F79EFBC}") = "khkh_xldMii", "khkh_xldMii\khkh_xldMii.csproj", "{562259EE-93B9-4CA3-BE4B-F4887B6FB342}"
	ProjectSection(ProjectDependencies) = postProject
		{B9C0A8D8-6E2A-4060-9F1D-EC0F270C3B6D} = {B9C0A8D8-6E2A-4060-9F1D-EC0F270C3B6D}
	EndProjectSection
EndProject
Project("{FAE04EC0-301F-11D3-BF4B-00C04F79EFBC}") = "Custeera", "Custeera\Custeera.csproj", "{CFB8A22C-90D1-4D14-A22C-52DA85E9F89C}"
EndProject
Project("{8BC9CEB8-8B4A-11D0-8D11-00A0C91BC942}") = "MySSE", "MySSE\MySSE.vcxproj", "{B9C0A8D8-6E2A-4060-9F1D-EC0F270C3B6D}"
EndProject
Project("{FAE04EC0-301F-11D3-BF4B-00C04F79EFBC}") = "Press_eeram", "Press_eeram\Press_eeram.csproj", "{90105D2F-4DA6-4CA0-A73F-9D2F532AD617}"
EndProject
Project("{FAE04EC0-301F-11D3-BF4B-00C04F79EFBC}") = "vwApdxFace1", "vwApdxFace1\vwApdxFace1.csproj", "{A75A1F0F-C7E5-4951-A9B7-EFCD5E3FED60}"
EndProject
Project("{FAE04EC0-301F-11D3-BF4B-00C04F79EFBC}") = "traceHLP", "traceHLP\traceHLP.csproj", "{96E926A3-2CEC-4FD8-83EA-FCD0EE572DB2}"
EndProject
Project("{FAE04EC0-301F-11D3-BF4B-00C04F79EFBC}") = "timTexaVis", "timTexaVis\timTexaVis.csproj", "{49291528-450F-4BB2-A77A-DC1C3906FDB1}"
EndProject
Project("{FAE04EC0-301F-11D3-BF4B-00C04F79EFBC}") = "vYaik2", "vYaik2\vYaik2.csproj", "{E58A9757-1E2C-4735-ABFF-29274E860ED2}"
EndProject
Project("{FAE04EC0-301F-11D3-BF4B-00C04F79EFBC}") = "vikDIAG", "vikDIAG\vikDIAG.csproj", "{221ACECB-F013-4BFE-9088-EF608EE59BBF}"
EndProject
Project("{FAE04EC0-301F-11D3-BF4B-00C04F79EFBC}") = "ReadMtx4x4To3D", "ReadMtx4x4To3D\ReadMtx4x4To3D.csproj", "{B96DE953-4054-4F3B-88B2-4F3F664CC37C}"
EndProject
Project("{FAE04EC0-301F-11D3-BF4B-00C04F79EFBC}") = "vhashfn", "vhashfn\vhashfn.csproj", "{C81DD83C-B5A4-489A-BE48-D7407C8EB332}"
EndProject
Project("{FAE04EC0-301F-11D3-BF4B-00C04F79EFBC}") = "Prayvif1", "Prayvif1\Prayvif1.csproj", "{E5A06DBF-C6F5-4E41-BE1F-822A143CF6D6}"
	ProjectSection(ProjectDependencies) = postProject
		{6CC8C3C2-584F-4147-A149-B21C7854EB60} = {6CC8C3C2-584F-4147-A149-B21C7854EB60}
	EndProjectSection
EndProject
Project("{FAE04EC0-301F-11D3-BF4B-00C04F79EFBC}") = "CustVPU1", "CustVPU1\CustVPU1.csproj", "{6CC8C3C2-584F-4147-A149-B21C7854EB60}"
EndProject
Project("{FAE04EC0-301F-11D3-BF4B-00C04F79EFBC}") = "Mdlx2Collada141", "Mdlx2Collada141\Mdlx2Collada141.csproj", "{86F34B11-CC03-48ED-96A7-703BDBF8EEF9}"
EndProject
Project("{FAE04EC0-301F-11D3-BF4B-00C04F79EFBC}") = "Mdlx2Md5", "Mdlx2Md5\Mdlx2Md5.csproj", "{10D44A4F-1C65-4981-A07D-292C9AB9F596}"
EndProject
Project("{FAE04EC0-301F-11D3-BF4B-00C04F79EFBC}") = "Usea", "Usea\Usea.csproj", "{874545B0-D2D9-4D1B-A78C-1ECAE8558278}"
EndProject
Project("{FAE04EC0-301F-11D3-BF4B-00C04F79EFBC}") = "Silent_anb2mset", "Silent_anb2mset\Silent_anb2mset.csproj", "{3E7F0E63-9D71-4374-93AE-094890725DC3}"
EndProject
Project("{FAE04EC0-301F-11D3-BF4B-00C04F79EFBC}") = "khiiMapv", "khiiMapv\khiiMapv.csproj", "{74734A53-6B11-48CA-94EF-267C2CC5FE53}"
EndProject
Project("{FAE04EC0-301F-11D3-BF4B-00C04F79EFBC}") = "Prayvif1gs", "Prayvif1gs\Prayvif1gs.csproj", "{BE04A199-BBAD-4E50-B657-D0C71660E0CF}"
EndProject
Project("{FAE04EC0-301F-11D3-BF4B-00C04F79EFBC}") = "vwIMGD", "vwIMGD\vwIMGD.csproj", "{42797F0B-9C1E-4590-93DC-2FA846A560D5}"
EndProject
Project("{FAE04EC0-301F-11D3-BF4B-00C04F79EFBC}") = "vwIMGD2", "vwIMGD2\vwIMGD2.csproj", "{C818B611-D9DF-4CC0-BF4D-0A9683F81AE8}"
EndProject
Project("{FAE04EC0-301F-11D3-BF4B-00C04F79EFBC}") = "Readdn1", "Readdn1\Readdn1.csproj", "{529EFD94-4FC0-46FF-AFBC-431563F16B97}"
EndProject
Project("{FAE04EC0-301F-11D3-BF4B-00C04F79EFBC}") = "traceHLP2", "traceHLP2\traceHLP2.csproj", "{E2C58F67-46F3-4F46-B691-262396DCE7F4}"
EndProject
Project("{FAE04EC0-301F-11D3-BF4B-00C04F79EFBC}") = "kh2fmarc", "kh2fmarc\kh2fmarc.csproj", "{43BE2D9F-254D-4FE3-BC36-C19C87C64C6B}"
EndProject
Project("{FAE04EC0-301F-11D3-BF4B-00C04F79EFBC}") = "Mdlx2Blender249", "Mdlx2Blender249\Mdlx2Blender249.csproj", "{B71CB8BF-5FE7-4266-83A4-18A367E30F96}"
EndProject
Project("{FAE04EC0-301F-11D3-BF4B-00C04F79EFBC}") = "PortSCalc", "PortSCalc\PortSCalc.csproj", "{27BAF70C-E1CF-4AC0-8ED1-91CD13FE6E08}"
EndProject
Project("{FAE04EC0-301F-11D3-BF4B-00C04F79EFBC}") = "WalkeeGPr", "WalkeeGPr\WalkeeGPr.csproj", "{E2921F23-BD90-4B9A-A1DF-2506C6D82958}"
EndProject
Project("{FAE04EC0-301F-11D3-BF4B-00C04F79EFBC}") = "parseSEQD", "parseSEQD\parseSEQD.csproj", "{66AB06AB-DC82-4874-8B93-405DC4F4F4CF}"
EndProject
Project("{FAE04EC0-301F-11D3-BF4B-00C04F79EFBC}") = "traceHLP3", "traceHLP3\traceHLP3.csproj", "{A9100B11-69F3-4300-91B9-356AB4444253}"
EndProject
Project("{FAE04EC0-301F-11D3-BF4B-00C04F79EFBC}") = "Prayvif2", "Prayvif2\Prayvif2.csproj", "{5DDE97B5-55D7-4B4E-AF08-A266012C5831}"
EndProject
Project("{FAE04EC0-301F-11D3-BF4B-00C04F79EFBC}") = "vwBinTex4", "vwBinTex4\vwBinTex4.csproj", "{21CBD376-3DF1-4CD1-816B-545DA94A4F97}"
EndProject
Project("{FAE04EC0-301F-11D3-BF4B-00C04F79EFBC}") = "vwmmap", "vwmmap\vwmmap.csproj", "{EC35DEE1-72EE-454F-B299-EF3271E30B39}"
EndProject
Project("{FAE04EC0-301F-11D3-BF4B-00C04F79EFBC}") = "MdlxA2B", "MdlxA2B\MdlxA2B.csproj", "{4F777D6C-1DA5-4932-AD6B-A39FB21DFCC3}"
EndProject
Project("{FAE04EC0-301F-11D3-BF4B-00C04F79EFBC}") = "StudySwizzle", "StudySwizzle\StudySwizzle.csproj", "{07DA13ED-5E8F-4A1E-ABB5-51CD08CB9B64}"
EndProject
Project("{FAE04EC0-301F-11D3-BF4B-00C04F79EFBC}") = "findEvtSysText", "findEvtSysText\findEvtSysText.csproj", "{F20E6717-5EDF-4DB0-9EED-71E1FB1FF225}"
EndProject
Project("{FAE04EC0-301F-11D3-BF4B-00C04F79EFBC}") = "Mset2Anb", "Mset2Anb\Mset2Anb.csproj", "{3A0473EB-DF3A-4D3C-A1BB-BF3C828844B0}"
EndProject
Project("{FAE04EC0-301F-11D3-BF4B-00C04F79EFBC}") = "Anb2Mset", "Anb2Mset\Anb2Mset.csproj", "{D2A189FC-C293-4974-86F1-21007E6F46DD}"
EndProject
Project("{FAE04EC0-301F-11D3-BF4B-00C04F79EFBC}") = "MsetGather", "MsetGather\MsetGather.csproj", "{7240E187-D299-4DBE-A33B-78BD4BD44C85}"
EndProject
Project("{FAE04EC0-301F-11D3-BF4B-00C04F79EFBC}") = "khkh_xldMii_revel8n", "khkh_xldMii_revel8n\khkh_xldMii_revel8n.csproj", "{268E29DE-25D5-4868-A31A-BDBC64731D96}"
	ProjectSection(ProjectDependencies) = postProject
		{562259EE-93B9-4CA3-BE4B-F4887B6FB342} = {562259EE-93B9-4CA3-BE4B-F4887B6FB342}
	EndProjectSection
EndProject
Project("{FAE04EC0-301F-11D3-BF4B-00C04F79EFBC}") = "ef1Declib2", "ef1Declib2\ef1Declib2.csproj", "{B2BA504A-21E6-46B1-9481-C9E6127AE9AB}"
EndProject
Project("{FAE04EC0-301F-11D3-BF4B-00C04F79EFBC}") = "parsePAX_", "parsePAX_\parsePAX_.csproj", "{EDEC0003-8717-453F-BEB3-B2BEA65855AC}"
EndProject
Project("{FAE04EC0-301F-11D3-BF4B-00C04F79EFBC}") = "KH2Exfe", "KH2Exfe\KH2Exfe.csproj", "{8ED1BBAA-AC6E-48B7-B730-92EB23B33AF4}"
EndProject
Project("{FAE04EC0-301F-11D3-BF4B-00C04F79EFBC}") = "parseSEQDv2", "parseSEQDv2\parseSEQDv2.csproj", "{167AEA83-3677-4D69-A240-E997D13A38A4}"
EndProject
Project("{FAE04EC0-301F-11D3-BF4B-00C04F79EFBC}") = "parsePAX_v2", "parsePAX_v2\parsePAX_v2.csproj", "{13FC3813-DA92-403B-BE0D-EDD40DE98F9A}"
EndProject
Project("{FAE04EC0-301F-11D3-BF4B-00C04F79EFBC}") = "khiiFileFmts", "khiiFileFmts\khiiFileFmts.csproj", "{966059D7-5CA1-407C-8D20-6B173B3DCEB7}"
EndProject
Project("{FAE04EC0-301F-11D3-BF4B-00C04F79EFBC}") = "parseDOCT", "parseDOCT\parseDOCT.csproj", "{F147F20E-6576-4A7C-945A-D61BCC85505A}"
EndProject
Project("{FAE04EC0-301F-11D3-BF4B-00C04F79EFBC}") = "SomeTests", "SomeTests\SomeTests.csproj", "{AD5990D1-DFB6-48C4-84EB-537D603689A2}"
EndProject
Project("{FAE04EC0-301F-11D3-BF4B-00C04F79EFBC}") = "VisAddrRange", "VisAddrRange\VisAddrRange.csproj", "{C6746BE1-914E-4605-BEF1-85C16E2FD5CD}"
EndProject
Project("{D954291E-2A0B-460D-934E-DC6B0785DB48}") = "LibSomeFiles", "LibSomeFiles\LibSomeFiles.shproj", "{EEAFB3F7-BF49-4F35-849D-82EACAF8D098}"
EndProject
Project("{FAE04EC0-301F-11D3-BF4B-00C04F79EFBC}") = "Render2DMover", "Render2DMover\Render2DMover.csproj", "{FC45592B-51D5-4247-B795-996CBD3B7206}"
EndProject
Project("{FAE04EC0-301F-11D3-BF4B-00C04F79EFBC}") = "ParseAI", "ParseAI\ParseAI.csproj", "{6DC104A8-C8C2-4ADE-B02E-EA0F17D50DBF}"
EndProject
Project("{FAE04EC0-301F-11D3-BF4B-00C04F79EFBC}") = "Lib03", "Lib03\Lib03.csproj", "{10FFC4C6-170E-40FE-8045-CC669E132E2C}"
EndProject
Project("{2150E333-8FDC-42A3-9474-1A3956D46DE8}") = "Archived", "Archived", "{51BB6AE0-D27F-4C83-A4FB-B97F08B76F83}"
EndProject
Project("{2150E333-8FDC-42A3-9474-1A3956D46DE8}") = "MdlxConverters", "MdlxConverters", "{8DB24A4E-8509-495B-8D7F-2A7B295BCBAA}"
EndProject
Project("{D954291E-2A0B-460D-934E-DC6B0785DB48}") = "ef1SomeFiles", "ef1SomeFiles\ef1SomeFiles.shproj", "{998F4866-C1FA-49A3-9600-C9C25E4885C7}"
EndProject
Project("{FAE04EC0-301F-11D3-BF4B-00C04F79EFBC}") = "Mdlx2Blender249.Tests", "Mdlx2Blender249.Tests\Mdlx2Blender249.Tests.csproj", "{56396488-FA80-485F-ABE5-BE2A25DE1919}"
EndProject
Project("{FAE04EC0-301F-11D3-BF4B-00C04F79EFBC}") = "Mdlx2Blender249M", "Mdlx2Blender249M\Mdlx2Blender249M.csproj", "{4E702982-177D-4F92-ADA1-245B8D34D23F}"
EndProject
Project("{9A19103F-16F7-4668-BE54-9A1E7A4F7556}") = "mdlx2aset", "mdlx2aset\mdlx2aset.csproj", "{B4E4733D-2B6F-4C20-98B6-684D3B01D591}"
EndProject
Project("{FAE04EC0-301F-11D3-BF4B-00C04F79EFBC}") = "khkh_xldMii_slim", "khkh_xldMii_slim\khkh_xldMii_slim.csproj", "{41742EEB-961D-45AD-80C5-306BD29A6789}"
EndProject
Global
	GlobalSection(SolutionConfigurationPlatforms) = preSolution
		Debug|Any CPU = Debug|Any CPU
		Debug|Mixed Platforms = Debug|Mixed Platforms
		Debug|Win32 = Debug|Win32
		Debug|x86 = Debug|x86
		Release|Any CPU = Release|Any CPU
		Release|Mixed Platforms = Release|Mixed Platforms
		Release|Win32 = Release|Win32
		Release|x86 = Release|x86
	EndGlobalSection
	GlobalSection(ProjectConfigurationPlatforms) = postSolution
		{06662F27-F4AF-4D84-A8A8-FADE95ACF9A2}.Debug|Any CPU.ActiveCfg = Debug|x86
		{06662F27-F4AF-4D84-A8A8-FADE95ACF9A2}.Debug|Mixed Platforms.ActiveCfg = Debug|x86
		{06662F27-F4AF-4D84-A8A8-FADE95ACF9A2}.Debug|Mixed Platforms.Build.0 = Debug|x86
		{06662F27-F4AF-4D84-A8A8-FADE95ACF9A2}.Debug|Win32.ActiveCfg = Debug|x86
		{06662F27-F4AF-4D84-A8A8-FADE95ACF9A2}.Debug|Win32.Build.0 = Debug|x86
		{06662F27-F4AF-4D84-A8A8-FADE95ACF9A2}.Debug|x86.ActiveCfg = Debug|x86
		{06662F27-F4AF-4D84-A8A8-FADE95ACF9A2}.Debug|x86.Build.0 = Debug|x86
		{06662F27-F4AF-4D84-A8A8-FADE95ACF9A2}.Release|Any CPU.ActiveCfg = Release|x86
		{06662F27-F4AF-4D84-A8A8-FADE95ACF9A2}.Release|Mixed Platforms.ActiveCfg = Release|x86
		{06662F27-F4AF-4D84-A8A8-FADE95ACF9A2}.Release|Mixed Platforms.Build.0 = Release|x86
		{06662F27-F4AF-4D84-A8A8-FADE95ACF9A2}.Release|Win32.ActiveCfg = Release|x86
		{06662F27-F4AF-4D84-A8A8-FADE95ACF9A2}.Release|Win32.Build.0 = Release|x86
		{06662F27-F4AF-4D84-A8A8-FADE95ACF9A2}.Release|x86.ActiveCfg = Release|x86
		{06662F27-F4AF-4D84-A8A8-FADE95ACF9A2}.Release|x86.Build.0 = Release|x86
		{E5687374-3E49-4DBC-94EE-9AE65D13D194}.Debug|Any CPU.ActiveCfg = Debug|Any CPU
		{E5687374-3E49-4DBC-94EE-9AE65D13D194}.Debug|Any CPU.Build.0 = Debug|Any CPU
		{E5687374-3E49-4DBC-94EE-9AE65D13D194}.Debug|Mixed Platforms.ActiveCfg = Debug|Any CPU
		{E5687374-3E49-4DBC-94EE-9AE65D13D194}.Debug|Win32.ActiveCfg = Debug|Any CPU
		{E5687374-3E49-4DBC-94EE-9AE65D13D194}.Debug|x86.ActiveCfg = Debug|Any CPU
		{E5687374-3E49-4DBC-94EE-9AE65D13D194}.Release|Any CPU.ActiveCfg = Release|Any CPU
		{E5687374-3E49-4DBC-94EE-9AE65D13D194}.Release|Any CPU.Build.0 = Release|Any CPU
		{E5687374-3E49-4DBC-94EE-9AE65D13D194}.Release|Mixed Platforms.ActiveCfg = Release|Any CPU
		{E5687374-3E49-4DBC-94EE-9AE65D13D194}.Release|Mixed Platforms.Build.0 = Release|Any CPU
		{E5687374-3E49-4DBC-94EE-9AE65D13D194}.Release|Win32.ActiveCfg = Release|Any CPU
		{E5687374-3E49-4DBC-94EE-9AE65D13D194}.Release|x86.ActiveCfg = Release|Any CPU
		{BF93A4D0-89E8-4DD2-B9BB-C2C57253B682}.Debug|Any CPU.ActiveCfg = Debug|Any CPU
		{BF93A4D0-89E8-4DD2-B9BB-C2C57253B682}.Debug|Any CPU.Build.0 = Debug|Any CPU
		{BF93A4D0-89E8-4DD2-B9BB-C2C57253B682}.Debug|Mixed Platforms.ActiveCfg = Debug|Any CPU
		{BF93A4D0-89E8-4DD2-B9BB-C2C57253B682}.Debug|Win32.ActiveCfg = Debug|Any CPU
		{BF93A4D0-89E8-4DD2-B9BB-C2C57253B682}.Debug|x86.ActiveCfg = Debug|Any CPU
		{BF93A4D0-89E8-4DD2-B9BB-C2C57253B682}.Release|Any CPU.ActiveCfg = Release|Any CPU
		{BF93A4D0-89E8-4DD2-B9BB-C2C57253B682}.Release|Any CPU.Build.0 = Release|Any CPU
		{BF93A4D0-89E8-4DD2-B9BB-C2C57253B682}.Release|Mixed Platforms.ActiveCfg = Release|Any CPU
		{BF93A4D0-89E8-4DD2-B9BB-C2C57253B682}.Release|Mixed Platforms.Build.0 = Release|Any CPU
		{BF93A4D0-89E8-4DD2-B9BB-C2C57253B682}.Release|Win32.ActiveCfg = Release|Any CPU
		{BF93A4D0-89E8-4DD2-B9BB-C2C57253B682}.Release|x86.ActiveCfg = Release|Any CPU
		{8FE7C3FD-CFB5-4D36-A6BF-852316FF9A3B}.Debug|Any CPU.ActiveCfg = Debug|Any CPU
		{8FE7C3FD-CFB5-4D36-A6BF-852316FF9A3B}.Debug|Any CPU.Build.0 = Debug|Any CPU
		{8FE7C3FD-CFB5-4D36-A6BF-852316FF9A3B}.Debug|Mixed Platforms.ActiveCfg = Debug|Any CPU
		{8FE7C3FD-CFB5-4D36-A6BF-852316FF9A3B}.Debug|Win32.ActiveCfg = Debug|Any CPU
		{8FE7C3FD-CFB5-4D36-A6BF-852316FF9A3B}.Debug|x86.ActiveCfg = Debug|Any CPU
		{8FE7C3FD-CFB5-4D36-A6BF-852316FF9A3B}.Release|Any CPU.ActiveCfg = Release|Any CPU
		{8FE7C3FD-CFB5-4D36-A6BF-852316FF9A3B}.Release|Any CPU.Build.0 = Release|Any CPU
		{8FE7C3FD-CFB5-4D36-A6BF-852316FF9A3B}.Release|Mixed Platforms.ActiveCfg = Release|Any CPU
		{8FE7C3FD-CFB5-4D36-A6BF-852316FF9A3B}.Release|Mixed Platforms.Build.0 = Release|Any CPU
		{8FE7C3FD-CFB5-4D36-A6BF-852316FF9A3B}.Release|Win32.ActiveCfg = Release|Any CPU
		{8FE7C3FD-CFB5-4D36-A6BF-852316FF9A3B}.Release|x86.ActiveCfg = Release|Any CPU
		{74B73920-9837-494D-BB63-FF1B2DB936CA}.Debug|Any CPU.ActiveCfg = Debug|Any CPU
		{74B73920-9837-494D-BB63-FF1B2DB936CA}.Debug|Any CPU.Build.0 = Debug|Any CPU
		{74B73920-9837-494D-BB63-FF1B2DB936CA}.Debug|Mixed Platforms.ActiveCfg = Debug|Any CPU
		{74B73920-9837-494D-BB63-FF1B2DB936CA}.Debug|Win32.ActiveCfg = Debug|Any CPU
		{74B73920-9837-494D-BB63-FF1B2DB936CA}.Debug|x86.ActiveCfg = Debug|Any CPU
		{74B73920-9837-494D-BB63-FF1B2DB936CA}.Release|Any CPU.ActiveCfg = Release|Any CPU
		{74B73920-9837-494D-BB63-FF1B2DB936CA}.Release|Any CPU.Build.0 = Release|Any CPU
		{74B73920-9837-494D-BB63-FF1B2DB936CA}.Release|Mixed Platforms.ActiveCfg = Release|Any CPU
		{74B73920-9837-494D-BB63-FF1B2DB936CA}.Release|Mixed Platforms.Build.0 = Release|Any CPU
		{74B73920-9837-494D-BB63-FF1B2DB936CA}.Release|Win32.ActiveCfg = Release|Any CPU
		{74B73920-9837-494D-BB63-FF1B2DB936CA}.Release|x86.ActiveCfg = Release|Any CPU
		{4AB99CFC-ED45-4A7F-A33F-BA6F66018DF8}.Debug|Any CPU.ActiveCfg = Debug|Any CPU
		{4AB99CFC-ED45-4A7F-A33F-BA6F66018DF8}.Debug|Any CPU.Build.0 = Debug|Any CPU
		{4AB99CFC-ED45-4A7F-A33F-BA6F66018DF8}.Debug|Mixed Platforms.ActiveCfg = Debug|Any CPU
		{4AB99CFC-ED45-4A7F-A33F-BA6F66018DF8}.Debug|Win32.ActiveCfg = Debug|Any CPU
		{4AB99CFC-ED45-4A7F-A33F-BA6F66018DF8}.Debug|x86.ActiveCfg = Debug|Any CPU
		{4AB99CFC-ED45-4A7F-A33F-BA6F66018DF8}.Release|Any CPU.ActiveCfg = Release|Any CPU
		{4AB99CFC-ED45-4A7F-A33F-BA6F66018DF8}.Release|Any CPU.Build.0 = Release|Any CPU
		{4AB99CFC-ED45-4A7F-A33F-BA6F66018DF8}.Release|Mixed Platforms.ActiveCfg = Release|Any CPU
		{4AB99CFC-ED45-4A7F-A33F-BA6F66018DF8}.Release|Mixed Platforms.Build.0 = Release|Any CPU
		{4AB99CFC-ED45-4A7F-A33F-BA6F66018DF8}.Release|Win32.ActiveCfg = Release|Any CPU
		{4AB99CFC-ED45-4A7F-A33F-BA6F66018DF8}.Release|x86.ActiveCfg = Release|Any CPU
		{A5F0F07A-BDE9-4E52-8742-CF42F40E0654}.Debug|Any CPU.ActiveCfg = Debug|Any CPU
		{A5F0F07A-BDE9-4E52-8742-CF42F40E0654}.Debug|Any CPU.Build.0 = Debug|Any CPU
		{A5F0F07A-BDE9-4E52-8742-CF42F40E0654}.Debug|Mixed Platforms.ActiveCfg = Debug|Any CPU
		{A5F0F07A-BDE9-4E52-8742-CF42F40E0654}.Debug|Win32.ActiveCfg = Debug|Any CPU
		{A5F0F07A-BDE9-4E52-8742-CF42F40E0654}.Debug|x86.ActiveCfg = Debug|Any CPU
		{A5F0F07A-BDE9-4E52-8742-CF42F40E0654}.Release|Any CPU.ActiveCfg = Release|Any CPU
		{A5F0F07A-BDE9-4E52-8742-CF42F40E0654}.Release|Any CPU.Build.0 = Release|Any CPU
		{A5F0F07A-BDE9-4E52-8742-CF42F40E0654}.Release|Mixed Platforms.ActiveCfg = Release|Any CPU
		{A5F0F07A-BDE9-4E52-8742-CF42F40E0654}.Release|Mixed Platforms.Build.0 = Release|Any CPU
		{A5F0F07A-BDE9-4E52-8742-CF42F40E0654}.Release|Win32.ActiveCfg = Release|Any CPU
		{A5F0F07A-BDE9-4E52-8742-CF42F40E0654}.Release|x86.ActiveCfg = Release|Any CPU
		{FB89133D-AAAE-4835-9690-89F1CCF4BB2C}.Debug|Any CPU.ActiveCfg = Debug|Any CPU
		{FB89133D-AAAE-4835-9690-89F1CCF4BB2C}.Debug|Any CPU.Build.0 = Debug|Any CPU
		{FB89133D-AAAE-4835-9690-89F1CCF4BB2C}.Debug|Mixed Platforms.ActiveCfg = Debug|Any CPU
		{FB89133D-AAAE-4835-9690-89F1CCF4BB2C}.Debug|Win32.ActiveCfg = Debug|Any CPU
		{FB89133D-AAAE-4835-9690-89F1CCF4BB2C}.Debug|x86.ActiveCfg = Debug|Any CPU
		{FB89133D-AAAE-4835-9690-89F1CCF4BB2C}.Release|Any CPU.ActiveCfg = Release|Any CPU
		{FB89133D-AAAE-4835-9690-89F1CCF4BB2C}.Release|Any CPU.Build.0 = Release|Any CPU
		{FB89133D-AAAE-4835-9690-89F1CCF4BB2C}.Release|Mixed Platforms.ActiveCfg = Release|Any CPU
		{FB89133D-AAAE-4835-9690-89F1CCF4BB2C}.Release|Mixed Platforms.Build.0 = Release|Any CPU
		{FB89133D-AAAE-4835-9690-89F1CCF4BB2C}.Release|Win32.ActiveCfg = Release|Any CPU
		{FB89133D-AAAE-4835-9690-89F1CCF4BB2C}.Release|x86.ActiveCfg = Release|Any CPU
		{6D95FB97-1AD1-45B0-A37D-09FC80798AAF}.Debug|Any CPU.ActiveCfg = Debug|Any CPU
		{6D95FB97-1AD1-45B0-A37D-09FC80798AAF}.Debug|Any CPU.Build.0 = Debug|Any CPU
		{6D95FB97-1AD1-45B0-A37D-09FC80798AAF}.Debug|Mixed Platforms.ActiveCfg = Debug|Any CPU
		{6D95FB97-1AD1-45B0-A37D-09FC80798AAF}.Debug|Win32.ActiveCfg = Debug|Any CPU
		{6D95FB97-1AD1-45B0-A37D-09FC80798AAF}.Debug|x86.ActiveCfg = Debug|Any CPU
		{6D95FB97-1AD1-45B0-A37D-09FC80798AAF}.Release|Any CPU.ActiveCfg = Release|Any CPU
		{6D95FB97-1AD1-45B0-A37D-09FC80798AAF}.Release|Any CPU.Build.0 = Release|Any CPU
		{6D95FB97-1AD1-45B0-A37D-09FC80798AAF}.Release|Mixed Platforms.ActiveCfg = Release|Any CPU
		{6D95FB97-1AD1-45B0-A37D-09FC80798AAF}.Release|Mixed Platforms.Build.0 = Release|Any CPU
		{6D95FB97-1AD1-45B0-A37D-09FC80798AAF}.Release|Win32.ActiveCfg = Release|Any CPU
		{6D95FB97-1AD1-45B0-A37D-09FC80798AAF}.Release|x86.ActiveCfg = Release|Any CPU
		{444091E7-CDA8-45B4-BDE1-EE5AAA8C6CA7}.Debug|Any CPU.ActiveCfg = Debug|Any CPU
		{444091E7-CDA8-45B4-BDE1-EE5AAA8C6CA7}.Debug|Any CPU.Build.0 = Debug|Any CPU
		{444091E7-CDA8-45B4-BDE1-EE5AAA8C6CA7}.Debug|Mixed Platforms.ActiveCfg = Debug|Any CPU
		{444091E7-CDA8-45B4-BDE1-EE5AAA8C6CA7}.Debug|Win32.ActiveCfg = Debug|Any CPU
		{444091E7-CDA8-45B4-BDE1-EE5AAA8C6CA7}.Debug|x86.ActiveCfg = Debug|Any CPU
		{444091E7-CDA8-45B4-BDE1-EE5AAA8C6CA7}.Release|Any CPU.ActiveCfg = Release|Any CPU
		{444091E7-CDA8-45B4-BDE1-EE5AAA8C6CA7}.Release|Any CPU.Build.0 = Release|Any CPU
		{444091E7-CDA8-45B4-BDE1-EE5AAA8C6CA7}.Release|Mixed Platforms.ActiveCfg = Release|Any CPU
		{444091E7-CDA8-45B4-BDE1-EE5AAA8C6CA7}.Release|Mixed Platforms.Build.0 = Release|Any CPU
		{444091E7-CDA8-45B4-BDE1-EE5AAA8C6CA7}.Release|Win32.ActiveCfg = Release|Any CPU
		{444091E7-CDA8-45B4-BDE1-EE5AAA8C6CA7}.Release|x86.ActiveCfg = Release|Any CPU
		{BF95AF75-717B-4ADF-A0E4-F817DB0F3DEE}.Debug|Any CPU.ActiveCfg = Debug|Any CPU
		{BF95AF75-717B-4ADF-A0E4-F817DB0F3DEE}.Debug|Any CPU.Build.0 = Debug|Any CPU
		{BF95AF75-717B-4ADF-A0E4-F817DB0F3DEE}.Debug|Mixed Platforms.ActiveCfg = Debug|Any CPU
		{BF95AF75-717B-4ADF-A0E4-F817DB0F3DEE}.Debug|Win32.ActiveCfg = Debug|Any CPU
		{BF95AF75-717B-4ADF-A0E4-F817DB0F3DEE}.Debug|x86.ActiveCfg = Debug|x86
		{BF95AF75-717B-4ADF-A0E4-F817DB0F3DEE}.Release|Any CPU.ActiveCfg = Release|Any CPU
		{BF95AF75-717B-4ADF-A0E4-F817DB0F3DEE}.Release|Any CPU.Build.0 = Release|Any CPU
		{BF95AF75-717B-4ADF-A0E4-F817DB0F3DEE}.Release|Mixed Platforms.ActiveCfg = Release|Any CPU
		{BF95AF75-717B-4ADF-A0E4-F817DB0F3DEE}.Release|Mixed Platforms.Build.0 = Release|Any CPU
		{BF95AF75-717B-4ADF-A0E4-F817DB0F3DEE}.Release|Win32.ActiveCfg = Release|Any CPU
		{BF95AF75-717B-4ADF-A0E4-F817DB0F3DEE}.Release|x86.ActiveCfg = Release|Any CPU
		{0E66943E-C9E0-4B4F-919F-B174C74C9033}.Debug|Any CPU.ActiveCfg = Debug|Any CPU
		{0E66943E-C9E0-4B4F-919F-B174C74C9033}.Debug|Any CPU.Build.0 = Debug|Any CPU
		{0E66943E-C9E0-4B4F-919F-B174C74C9033}.Debug|Mixed Platforms.ActiveCfg = Debug|Any CPU
		{0E66943E-C9E0-4B4F-919F-B174C74C9033}.Debug|Win32.ActiveCfg = Debug|Any CPU
		{0E66943E-C9E0-4B4F-919F-B174C74C9033}.Debug|x86.ActiveCfg = Debug|Any CPU
		{0E66943E-C9E0-4B4F-919F-B174C74C9033}.Release|Any CPU.ActiveCfg = Release|Any CPU
		{0E66943E-C9E0-4B4F-919F-B174C74C9033}.Release|Any CPU.Build.0 = Release|Any CPU
		{0E66943E-C9E0-4B4F-919F-B174C74C9033}.Release|Mixed Platforms.ActiveCfg = Release|Any CPU
		{0E66943E-C9E0-4B4F-919F-B174C74C9033}.Release|Mixed Platforms.Build.0 = Release|Any CPU
		{0E66943E-C9E0-4B4F-919F-B174C74C9033}.Release|Win32.ActiveCfg = Release|Any CPU
		{0E66943E-C9E0-4B4F-919F-B174C74C9033}.Release|x86.ActiveCfg = Release|Any CPU
		{A65050B9-A1AF-44F3-B7B3-7734D5CD28D8}.Debug|Any CPU.ActiveCfg = Debug|Any CPU
		{A65050B9-A1AF-44F3-B7B3-7734D5CD28D8}.Debug|Any CPU.Build.0 = Debug|Any CPU
		{A65050B9-A1AF-44F3-B7B3-7734D5CD28D8}.Debug|Mixed Platforms.ActiveCfg = Debug|Any CPU
		{A65050B9-A1AF-44F3-B7B3-7734D5CD28D8}.Debug|Win32.ActiveCfg = Debug|Any CPU
		{A65050B9-A1AF-44F3-B7B3-7734D5CD28D8}.Debug|x86.ActiveCfg = Debug|Any CPU
		{A65050B9-A1AF-44F3-B7B3-7734D5CD28D8}.Release|Any CPU.ActiveCfg = Release|Any CPU
		{A65050B9-A1AF-44F3-B7B3-7734D5CD28D8}.Release|Any CPU.Build.0 = Release|Any CPU
		{A65050B9-A1AF-44F3-B7B3-7734D5CD28D8}.Release|Mixed Platforms.ActiveCfg = Release|Any CPU
		{A65050B9-A1AF-44F3-B7B3-7734D5CD28D8}.Release|Mixed Platforms.Build.0 = Release|Any CPU
		{A65050B9-A1AF-44F3-B7B3-7734D5CD28D8}.Release|Win32.ActiveCfg = Release|Any CPU
		{A65050B9-A1AF-44F3-B7B3-7734D5CD28D8}.Release|x86.ActiveCfg = Release|Any CPU
		{994EB604-DB12-4416-A349-D5F6B7B71890}.Debug|Any CPU.ActiveCfg = Debug|Any CPU
		{994EB604-DB12-4416-A349-D5F6B7B71890}.Debug|Any CPU.Build.0 = Debug|Any CPU
		{994EB604-DB12-4416-A349-D5F6B7B71890}.Debug|Mixed Platforms.ActiveCfg = Debug|Any CPU
		{994EB604-DB12-4416-A349-D5F6B7B71890}.Debug|Win32.ActiveCfg = Debug|Any CPU
		{994EB604-DB12-4416-A349-D5F6B7B71890}.Debug|x86.ActiveCfg = Debug|Any CPU
		{994EB604-DB12-4416-A349-D5F6B7B71890}.Debug|x86.Build.0 = Debug|Any CPU
		{994EB604-DB12-4416-A349-D5F6B7B71890}.Release|Any CPU.ActiveCfg = Release|Any CPU
		{994EB604-DB12-4416-A349-D5F6B7B71890}.Release|Any CPU.Build.0 = Release|Any CPU
		{994EB604-DB12-4416-A349-D5F6B7B71890}.Release|Mixed Platforms.ActiveCfg = Release|Any CPU
		{994EB604-DB12-4416-A349-D5F6B7B71890}.Release|Mixed Platforms.Build.0 = Release|Any CPU
		{994EB604-DB12-4416-A349-D5F6B7B71890}.Release|Win32.ActiveCfg = Release|Any CPU
		{994EB604-DB12-4416-A349-D5F6B7B71890}.Release|x86.ActiveCfg = Release|Any CPU
		{23461DB9-5DBD-4657-B572-0922772E139C}.Debug|Any CPU.ActiveCfg = Debug|Any CPU
		{23461DB9-5DBD-4657-B572-0922772E139C}.Debug|Any CPU.Build.0 = Debug|Any CPU
		{23461DB9-5DBD-4657-B572-0922772E139C}.Debug|Mixed Platforms.ActiveCfg = Debug|Any CPU
		{23461DB9-5DBD-4657-B572-0922772E139C}.Debug|Win32.ActiveCfg = Debug|Any CPU
		{23461DB9-5DBD-4657-B572-0922772E139C}.Debug|x86.ActiveCfg = Debug|Any CPU
		{23461DB9-5DBD-4657-B572-0922772E139C}.Debug|x86.Build.0 = Debug|Any CPU
		{23461DB9-5DBD-4657-B572-0922772E139C}.Release|Any CPU.ActiveCfg = Release|Any CPU
		{23461DB9-5DBD-4657-B572-0922772E139C}.Release|Any CPU.Build.0 = Release|Any CPU
		{23461DB9-5DBD-4657-B572-0922772E139C}.Release|Mixed Platforms.ActiveCfg = Release|Any CPU
		{23461DB9-5DBD-4657-B572-0922772E139C}.Release|Mixed Platforms.Build.0 = Release|Any CPU
		{23461DB9-5DBD-4657-B572-0922772E139C}.Release|Win32.ActiveCfg = Release|Any CPU
		{23461DB9-5DBD-4657-B572-0922772E139C}.Release|x86.ActiveCfg = Release|Any CPU
		{50E37047-9404-4F9E-936B-CC603754F9AF}.Debug|Any CPU.ActiveCfg = Debug|Any CPU
		{50E37047-9404-4F9E-936B-CC603754F9AF}.Debug|Any CPU.Build.0 = Debug|Any CPU
		{50E37047-9404-4F9E-936B-CC603754F9AF}.Debug|Mixed Platforms.ActiveCfg = Debug|Any CPU
		{50E37047-9404-4F9E-936B-CC603754F9AF}.Debug|Win32.ActiveCfg = Debug|Any CPU
		{50E37047-9404-4F9E-936B-CC603754F9AF}.Debug|x86.ActiveCfg = Debug|Any CPU
		{50E37047-9404-4F9E-936B-CC603754F9AF}.Debug|x86.Build.0 = Debug|Any CPU
		{50E37047-9404-4F9E-936B-CC603754F9AF}.Release|Any CPU.ActiveCfg = Release|Any CPU
		{50E37047-9404-4F9E-936B-CC603754F9AF}.Release|Any CPU.Build.0 = Release|Any CPU
		{50E37047-9404-4F9E-936B-CC603754F9AF}.Release|Mixed Platforms.ActiveCfg = Release|Any CPU
		{50E37047-9404-4F9E-936B-CC603754F9AF}.Release|Mixed Platforms.Build.0 = Release|Any CPU
		{50E37047-9404-4F9E-936B-CC603754F9AF}.Release|Win32.ActiveCfg = Release|Any CPU
		{50E37047-9404-4F9E-936B-CC603754F9AF}.Release|x86.ActiveCfg = Release|Any CPU
		{562259EE-93B9-4CA3-BE4B-F4887B6FB342}.Debug|Any CPU.ActiveCfg = Debug|Any CPU
		{562259EE-93B9-4CA3-BE4B-F4887B6FB342}.Debug|Any CPU.Build.0 = Debug|Any CPU
		{562259EE-93B9-4CA3-BE4B-F4887B6FB342}.Debug|Mixed Platforms.ActiveCfg = Debug|Any CPU
		{562259EE-93B9-4CA3-BE4B-F4887B6FB342}.Debug|Win32.ActiveCfg = Debug|Any CPU
		{562259EE-93B9-4CA3-BE4B-F4887B6FB342}.Debug|x86.ActiveCfg = Debug|x86
		{562259EE-93B9-4CA3-BE4B-F4887B6FB342}.Debug|x86.Build.0 = Debug|x86
		{562259EE-93B9-4CA3-BE4B-F4887B6FB342}.Release|Any CPU.ActiveCfg = Release|Any CPU
		{562259EE-93B9-4CA3-BE4B-F4887B6FB342}.Release|Any CPU.Build.0 = Release|Any CPU
		{562259EE-93B9-4CA3-BE4B-F4887B6FB342}.Release|Mixed Platforms.ActiveCfg = Release|Any CPU
		{562259EE-93B9-4CA3-BE4B-F4887B6FB342}.Release|Mixed Platforms.Build.0 = Release|Any CPU
		{562259EE-93B9-4CA3-BE4B-F4887B6FB342}.Release|Win32.ActiveCfg = Release|Any CPU
		{562259EE-93B9-4CA3-BE4B-F4887B6FB342}.Release|x86.ActiveCfg = Release|Any CPU
		{CFB8A22C-90D1-4D14-A22C-52DA85E9F89C}.Debug|Any CPU.ActiveCfg = Debug|Any CPU
		{CFB8A22C-90D1-4D14-A22C-52DA85E9F89C}.Debug|Any CPU.Build.0 = Debug|Any CPU
		{CFB8A22C-90D1-4D14-A22C-52DA85E9F89C}.Debug|Mixed Platforms.ActiveCfg = Debug|Any CPU
		{CFB8A22C-90D1-4D14-A22C-52DA85E9F89C}.Debug|Win32.ActiveCfg = Debug|Any CPU
		{CFB8A22C-90D1-4D14-A22C-52DA85E9F89C}.Debug|x86.ActiveCfg = Debug|Any CPU
		{CFB8A22C-90D1-4D14-A22C-52DA85E9F89C}.Debug|x86.Build.0 = Debug|Any CPU
		{CFB8A22C-90D1-4D14-A22C-52DA85E9F89C}.Release|Any CPU.ActiveCfg = Release|Any CPU
		{CFB8A22C-90D1-4D14-A22C-52DA85E9F89C}.Release|Any CPU.Build.0 = Release|Any CPU
		{CFB8A22C-90D1-4D14-A22C-52DA85E9F89C}.Release|Mixed Platforms.ActiveCfg = Release|Any CPU
		{CFB8A22C-90D1-4D14-A22C-52DA85E9F89C}.Release|Mixed Platforms.Build.0 = Release|Any CPU
		{CFB8A22C-90D1-4D14-A22C-52DA85E9F89C}.Release|Win32.ActiveCfg = Release|Any CPU
		{CFB8A22C-90D1-4D14-A22C-52DA85E9F89C}.Release|x86.ActiveCfg = Release|Any CPU
		{B9C0A8D8-6E2A-4060-9F1D-EC0F270C3B6D}.Debug|Any CPU.ActiveCfg = Debug|Win32
		{B9C0A8D8-6E2A-4060-9F1D-EC0F270C3B6D}.Debug|Mixed Platforms.ActiveCfg = Debug|Win32
		{B9C0A8D8-6E2A-4060-9F1D-EC0F270C3B6D}.Debug|Win32.ActiveCfg = Debug|Win32
		{B9C0A8D8-6E2A-4060-9F1D-EC0F270C3B6D}.Debug|Win32.Build.0 = Debug|Win32
		{B9C0A8D8-6E2A-4060-9F1D-EC0F270C3B6D}.Debug|x86.ActiveCfg = Debug|Win32
		{B9C0A8D8-6E2A-4060-9F1D-EC0F270C3B6D}.Release|Any CPU.ActiveCfg = Release|Win32
		{B9C0A8D8-6E2A-4060-9F1D-EC0F270C3B6D}.Release|Mixed Platforms.ActiveCfg = Release|Win32
		{B9C0A8D8-6E2A-4060-9F1D-EC0F270C3B6D}.Release|Mixed Platforms.Build.0 = Release|Win32
		{B9C0A8D8-6E2A-4060-9F1D-EC0F270C3B6D}.Release|Win32.ActiveCfg = Release|Win32
		{B9C0A8D8-6E2A-4060-9F1D-EC0F270C3B6D}.Release|Win32.Build.0 = Release|Win32
		{B9C0A8D8-6E2A-4060-9F1D-EC0F270C3B6D}.Release|x86.ActiveCfg = Release|Win32
		{90105D2F-4DA6-4CA0-A73F-9D2F532AD617}.Debug|Any CPU.ActiveCfg = Debug|Any CPU
		{90105D2F-4DA6-4CA0-A73F-9D2F532AD617}.Debug|Any CPU.Build.0 = Debug|Any CPU
		{90105D2F-4DA6-4CA0-A73F-9D2F532AD617}.Debug|Mixed Platforms.ActiveCfg = Debug|Any CPU
		{90105D2F-4DA6-4CA0-A73F-9D2F532AD617}.Debug|Win32.ActiveCfg = Debug|Any CPU
		{90105D2F-4DA6-4CA0-A73F-9D2F532AD617}.Debug|x86.ActiveCfg = Debug|Any CPU
		{90105D2F-4DA6-4CA0-A73F-9D2F532AD617}.Release|Any CPU.ActiveCfg = Release|Any CPU
		{90105D2F-4DA6-4CA0-A73F-9D2F532AD617}.Release|Any CPU.Build.0 = Release|Any CPU
		{90105D2F-4DA6-4CA0-A73F-9D2F532AD617}.Release|Mixed Platforms.ActiveCfg = Release|Any CPU
		{90105D2F-4DA6-4CA0-A73F-9D2F532AD617}.Release|Mixed Platforms.Build.0 = Release|Any CPU
		{90105D2F-4DA6-4CA0-A73F-9D2F532AD617}.Release|Win32.ActiveCfg = Release|Any CPU
		{90105D2F-4DA6-4CA0-A73F-9D2F532AD617}.Release|x86.ActiveCfg = Release|Any CPU
		{A75A1F0F-C7E5-4951-A9B7-EFCD5E3FED60}.Debug|Any CPU.ActiveCfg = Debug|Any CPU
		{A75A1F0F-C7E5-4951-A9B7-EFCD5E3FED60}.Debug|Any CPU.Build.0 = Debug|Any CPU
		{A75A1F0F-C7E5-4951-A9B7-EFCD5E3FED60}.Debug|Mixed Platforms.ActiveCfg = Debug|Any CPU
		{A75A1F0F-C7E5-4951-A9B7-EFCD5E3FED60}.Debug|Win32.ActiveCfg = Debug|Any CPU
		{A75A1F0F-C7E5-4951-A9B7-EFCD5E3FED60}.Debug|x86.ActiveCfg = Debug|Any CPU
		{A75A1F0F-C7E5-4951-A9B7-EFCD5E3FED60}.Release|Any CPU.ActiveCfg = Release|Any CPU
		{A75A1F0F-C7E5-4951-A9B7-EFCD5E3FED60}.Release|Any CPU.Build.0 = Release|Any CPU
		{A75A1F0F-C7E5-4951-A9B7-EFCD5E3FED60}.Release|Mixed Platforms.ActiveCfg = Release|Any CPU
		{A75A1F0F-C7E5-4951-A9B7-EFCD5E3FED60}.Release|Mixed Platforms.Build.0 = Release|Any CPU
		{A75A1F0F-C7E5-4951-A9B7-EFCD5E3FED60}.Release|Win32.ActiveCfg = Release|Any CPU
		{A75A1F0F-C7E5-4951-A9B7-EFCD5E3FED60}.Release|x86.ActiveCfg = Release|Any CPU
		{96E926A3-2CEC-4FD8-83EA-FCD0EE572DB2}.Debug|Any CPU.ActiveCfg = Debug|Any CPU
		{96E926A3-2CEC-4FD8-83EA-FCD0EE572DB2}.Debug|Any CPU.Build.0 = Debug|Any CPU
		{96E926A3-2CEC-4FD8-83EA-FCD0EE572DB2}.Debug|Mixed Platforms.ActiveCfg = Debug|Any CPU
		{96E926A3-2CEC-4FD8-83EA-FCD0EE572DB2}.Debug|Win32.ActiveCfg = Debug|Any CPU
		{96E926A3-2CEC-4FD8-83EA-FCD0EE572DB2}.Debug|x86.ActiveCfg = Debug|Any CPU
		{96E926A3-2CEC-4FD8-83EA-FCD0EE572DB2}.Release|Any CPU.ActiveCfg = Release|Any CPU
		{96E926A3-2CEC-4FD8-83EA-FCD0EE572DB2}.Release|Any CPU.Build.0 = Release|Any CPU
		{96E926A3-2CEC-4FD8-83EA-FCD0EE572DB2}.Release|Mixed Platforms.ActiveCfg = Release|Any CPU
		{96E926A3-2CEC-4FD8-83EA-FCD0EE572DB2}.Release|Mixed Platforms.Build.0 = Release|Any CPU
		{96E926A3-2CEC-4FD8-83EA-FCD0EE572DB2}.Release|Win32.ActiveCfg = Release|Any CPU
		{96E926A3-2CEC-4FD8-83EA-FCD0EE572DB2}.Release|x86.ActiveCfg = Release|Any CPU
		{49291528-450F-4BB2-A77A-DC1C3906FDB1}.Debug|Any CPU.ActiveCfg = Debug|Any CPU
		{49291528-450F-4BB2-A77A-DC1C3906FDB1}.Debug|Any CPU.Build.0 = Debug|Any CPU
		{49291528-450F-4BB2-A77A-DC1C3906FDB1}.Debug|Mixed Platforms.ActiveCfg = Debug|Any CPU
		{49291528-450F-4BB2-A77A-DC1C3906FDB1}.Debug|Win32.ActiveCfg = Debug|Any CPU
		{49291528-450F-4BB2-A77A-DC1C3906FDB1}.Debug|x86.ActiveCfg = Debug|Any CPU
		{49291528-450F-4BB2-A77A-DC1C3906FDB1}.Release|Any CPU.ActiveCfg = Release|Any CPU
		{49291528-450F-4BB2-A77A-DC1C3906FDB1}.Release|Any CPU.Build.0 = Release|Any CPU
		{49291528-450F-4BB2-A77A-DC1C3906FDB1}.Release|Mixed Platforms.ActiveCfg = Release|Any CPU
		{49291528-450F-4BB2-A77A-DC1C3906FDB1}.Release|Mixed Platforms.Build.0 = Release|Any CPU
		{49291528-450F-4BB2-A77A-DC1C3906FDB1}.Release|Win32.ActiveCfg = Release|Any CPU
		{49291528-450F-4BB2-A77A-DC1C3906FDB1}.Release|x86.ActiveCfg = Release|Any CPU
		{E58A9757-1E2C-4735-ABFF-29274E860ED2}.Debug|Any CPU.ActiveCfg = Debug|Any CPU
		{E58A9757-1E2C-4735-ABFF-29274E860ED2}.Debug|Any CPU.Build.0 = Debug|Any CPU
		{E58A9757-1E2C-4735-ABFF-29274E860ED2}.Debug|Mixed Platforms.ActiveCfg = Debug|Any CPU
		{E58A9757-1E2C-4735-ABFF-29274E860ED2}.Debug|Win32.ActiveCfg = Debug|Any CPU
		{E58A9757-1E2C-4735-ABFF-29274E860ED2}.Debug|x86.ActiveCfg = Debug|x86
		{E58A9757-1E2C-4735-ABFF-29274E860ED2}.Release|Any CPU.ActiveCfg = Release|Any CPU
		{E58A9757-1E2C-4735-ABFF-29274E860ED2}.Release|Any CPU.Build.0 = Release|Any CPU
		{E58A9757-1E2C-4735-ABFF-29274E860ED2}.Release|Mixed Platforms.ActiveCfg = Release|Any CPU
		{E58A9757-1E2C-4735-ABFF-29274E860ED2}.Release|Mixed Platforms.Build.0 = Release|Any CPU
		{E58A9757-1E2C-4735-ABFF-29274E860ED2}.Release|Win32.ActiveCfg = Release|Any CPU
		{E58A9757-1E2C-4735-ABFF-29274E860ED2}.Release|x86.ActiveCfg = Release|Any CPU
		{221ACECB-F013-4BFE-9088-EF608EE59BBF}.Debug|Any CPU.ActiveCfg = Debug|Any CPU
		{221ACECB-F013-4BFE-9088-EF608EE59BBF}.Debug|Any CPU.Build.0 = Debug|Any CPU
		{221ACECB-F013-4BFE-9088-EF608EE59BBF}.Debug|Mixed Platforms.ActiveCfg = Debug|Any CPU
		{221ACECB-F013-4BFE-9088-EF608EE59BBF}.Debug|Win32.ActiveCfg = Debug|Any CPU
		{221ACECB-F013-4BFE-9088-EF608EE59BBF}.Debug|x86.ActiveCfg = Debug|Any CPU
		{221ACECB-F013-4BFE-9088-EF608EE59BBF}.Release|Any CPU.ActiveCfg = Release|Any CPU
		{221ACECB-F013-4BFE-9088-EF608EE59BBF}.Release|Any CPU.Build.0 = Release|Any CPU
		{221ACECB-F013-4BFE-9088-EF608EE59BBF}.Release|Mixed Platforms.ActiveCfg = Release|Any CPU
		{221ACECB-F013-4BFE-9088-EF608EE59BBF}.Release|Mixed Platforms.Build.0 = Release|Any CPU
		{221ACECB-F013-4BFE-9088-EF608EE59BBF}.Release|Win32.ActiveCfg = Release|Any CPU
		{221ACECB-F013-4BFE-9088-EF608EE59BBF}.Release|x86.ActiveCfg = Release|Any CPU
		{B96DE953-4054-4F3B-88B2-4F3F664CC37C}.Debug|Any CPU.ActiveCfg = Debug|Any CPU
		{B96DE953-4054-4F3B-88B2-4F3F664CC37C}.Debug|Any CPU.Build.0 = Debug|Any CPU
		{B96DE953-4054-4F3B-88B2-4F3F664CC37C}.Debug|Mixed Platforms.ActiveCfg = Debug|Any CPU
		{B96DE953-4054-4F3B-88B2-4F3F664CC37C}.Debug|Win32.ActiveCfg = Debug|Any CPU
		{B96DE953-4054-4F3B-88B2-4F3F664CC37C}.Debug|x86.ActiveCfg = Debug|Any CPU
		{B96DE953-4054-4F3B-88B2-4F3F664CC37C}.Release|Any CPU.ActiveCfg = Release|Any CPU
		{B96DE953-4054-4F3B-88B2-4F3F664CC37C}.Release|Any CPU.Build.0 = Release|Any CPU
		{B96DE953-4054-4F3B-88B2-4F3F664CC37C}.Release|Mixed Platforms.ActiveCfg = Release|Any CPU
		{B96DE953-4054-4F3B-88B2-4F3F664CC37C}.Release|Mixed Platforms.Build.0 = Release|Any CPU
		{B96DE953-4054-4F3B-88B2-4F3F664CC37C}.Release|Win32.ActiveCfg = Release|Any CPU
		{B96DE953-4054-4F3B-88B2-4F3F664CC37C}.Release|x86.ActiveCfg = Release|Any CPU
		{C81DD83C-B5A4-489A-BE48-D7407C8EB332}.Debug|Any CPU.ActiveCfg = Debug|Any CPU
		{C81DD83C-B5A4-489A-BE48-D7407C8EB332}.Debug|Any CPU.Build.0 = Debug|Any CPU
		{C81DD83C-B5A4-489A-BE48-D7407C8EB332}.Debug|Mixed Platforms.ActiveCfg = Debug|Any CPU
		{C81DD83C-B5A4-489A-BE48-D7407C8EB332}.Debug|Win32.ActiveCfg = Debug|Any CPU
		{C81DD83C-B5A4-489A-BE48-D7407C8EB332}.Debug|x86.ActiveCfg = Debug|Any CPU
		{C81DD83C-B5A4-489A-BE48-D7407C8EB332}.Release|Any CPU.ActiveCfg = Release|Any CPU
		{C81DD83C-B5A4-489A-BE48-D7407C8EB332}.Release|Any CPU.Build.0 = Release|Any CPU
		{C81DD83C-B5A4-489A-BE48-D7407C8EB332}.Release|Mixed Platforms.ActiveCfg = Release|Any CPU
		{C81DD83C-B5A4-489A-BE48-D7407C8EB332}.Release|Mixed Platforms.Build.0 = Release|Any CPU
		{C81DD83C-B5A4-489A-BE48-D7407C8EB332}.Release|Win32.ActiveCfg = Release|Any CPU
		{C81DD83C-B5A4-489A-BE48-D7407C8EB332}.Release|x86.ActiveCfg = Release|Any CPU
		{E5A06DBF-C6F5-4E41-BE1F-822A143CF6D6}.Debug|Any CPU.ActiveCfg = Debug|Any CPU
		{E5A06DBF-C6F5-4E41-BE1F-822A143CF6D6}.Debug|Any CPU.Build.0 = Debug|Any CPU
		{E5A06DBF-C6F5-4E41-BE1F-822A143CF6D6}.Debug|Mixed Platforms.ActiveCfg = Debug|Any CPU
		{E5A06DBF-C6F5-4E41-BE1F-822A143CF6D6}.Debug|Win32.ActiveCfg = Debug|Any CPU
		{E5A06DBF-C6F5-4E41-BE1F-822A143CF6D6}.Debug|x86.ActiveCfg = Debug|Any CPU
		{E5A06DBF-C6F5-4E41-BE1F-822A143CF6D6}.Release|Any CPU.ActiveCfg = Release|Any CPU
		{E5A06DBF-C6F5-4E41-BE1F-822A143CF6D6}.Release|Any CPU.Build.0 = Release|Any CPU
		{E5A06DBF-C6F5-4E41-BE1F-822A143CF6D6}.Release|Mixed Platforms.ActiveCfg = Release|Any CPU
		{E5A06DBF-C6F5-4E41-BE1F-822A143CF6D6}.Release|Mixed Platforms.Build.0 = Release|Any CPU
		{E5A06DBF-C6F5-4E41-BE1F-822A143CF6D6}.Release|Win32.ActiveCfg = Release|Any CPU
		{E5A06DBF-C6F5-4E41-BE1F-822A143CF6D6}.Release|x86.ActiveCfg = Release|Any CPU
		{6CC8C3C2-584F-4147-A149-B21C7854EB60}.Debug|Any CPU.ActiveCfg = Debug|Any CPU
		{6CC8C3C2-584F-4147-A149-B21C7854EB60}.Debug|Any CPU.Build.0 = Debug|Any CPU
		{6CC8C3C2-584F-4147-A149-B21C7854EB60}.Debug|Mixed Platforms.ActiveCfg = Debug|Any CPU
		{6CC8C3C2-584F-4147-A149-B21C7854EB60}.Debug|Win32.ActiveCfg = Debug|Any CPU
		{6CC8C3C2-584F-4147-A149-B21C7854EB60}.Debug|x86.ActiveCfg = Debug|Any CPU
		{6CC8C3C2-584F-4147-A149-B21C7854EB60}.Debug|x86.Build.0 = Debug|Any CPU
		{6CC8C3C2-584F-4147-A149-B21C7854EB60}.Release|Any CPU.ActiveCfg = Release|Any CPU
		{6CC8C3C2-584F-4147-A149-B21C7854EB60}.Release|Any CPU.Build.0 = Release|Any CPU
		{6CC8C3C2-584F-4147-A149-B21C7854EB60}.Release|Mixed Platforms.ActiveCfg = Release|Any CPU
		{6CC8C3C2-584F-4147-A149-B21C7854EB60}.Release|Mixed Platforms.Build.0 = Release|Any CPU
		{6CC8C3C2-584F-4147-A149-B21C7854EB60}.Release|Win32.ActiveCfg = Release|Any CPU
		{6CC8C3C2-584F-4147-A149-B21C7854EB60}.Release|x86.ActiveCfg = Release|Any CPU
		{86F34B11-CC03-48ED-96A7-703BDBF8EEF9}.Debug|Any CPU.ActiveCfg = Debug|Any CPU
		{86F34B11-CC03-48ED-96A7-703BDBF8EEF9}.Debug|Any CPU.Build.0 = Debug|Any CPU
		{86F34B11-CC03-48ED-96A7-703BDBF8EEF9}.Debug|Mixed Platforms.ActiveCfg = Debug|Any CPU
		{86F34B11-CC03-48ED-96A7-703BDBF8EEF9}.Debug|Win32.ActiveCfg = Debug|Any CPU
		{86F34B11-CC03-48ED-96A7-703BDBF8EEF9}.Debug|x86.ActiveCfg = Debug|x86
		{86F34B11-CC03-48ED-96A7-703BDBF8EEF9}.Debug|x86.Build.0 = Debug|x86
		{86F34B11-CC03-48ED-96A7-703BDBF8EEF9}.Release|Any CPU.ActiveCfg = Release|Any CPU
		{86F34B11-CC03-48ED-96A7-703BDBF8EEF9}.Release|Any CPU.Build.0 = Release|Any CPU
		{86F34B11-CC03-48ED-96A7-703BDBF8EEF9}.Release|Mixed Platforms.ActiveCfg = Release|Any CPU
		{86F34B11-CC03-48ED-96A7-703BDBF8EEF9}.Release|Mixed Platforms.Build.0 = Release|Any CPU
		{86F34B11-CC03-48ED-96A7-703BDBF8EEF9}.Release|Win32.ActiveCfg = Release|Any CPU
		{86F34B11-CC03-48ED-96A7-703BDBF8EEF9}.Release|x86.ActiveCfg = Release|Any CPU
		{10D44A4F-1C65-4981-A07D-292C9AB9F596}.Debug|Any CPU.ActiveCfg = Debug|Any CPU
		{10D44A4F-1C65-4981-A07D-292C9AB9F596}.Debug|Any CPU.Build.0 = Debug|Any CPU
		{10D44A4F-1C65-4981-A07D-292C9AB9F596}.Debug|Mixed Platforms.ActiveCfg = Debug|Any CPU
		{10D44A4F-1C65-4981-A07D-292C9AB9F596}.Debug|Win32.ActiveCfg = Debug|Any CPU
		{10D44A4F-1C65-4981-A07D-292C9AB9F596}.Debug|x86.ActiveCfg = Debug|x86
		{10D44A4F-1C65-4981-A07D-292C9AB9F596}.Debug|x86.Build.0 = Debug|x86
		{10D44A4F-1C65-4981-A07D-292C9AB9F596}.Release|Any CPU.ActiveCfg = Release|Any CPU
		{10D44A4F-1C65-4981-A07D-292C9AB9F596}.Release|Any CPU.Build.0 = Release|Any CPU
		{10D44A4F-1C65-4981-A07D-292C9AB9F596}.Release|Mixed Platforms.ActiveCfg = Release|Any CPU
		{10D44A4F-1C65-4981-A07D-292C9AB9F596}.Release|Mixed Platforms.Build.0 = Release|Any CPU
		{10D44A4F-1C65-4981-A07D-292C9AB9F596}.Release|Win32.ActiveCfg = Release|Any CPU
		{10D44A4F-1C65-4981-A07D-292C9AB9F596}.Release|x86.ActiveCfg = Release|Any CPU
		{874545B0-D2D9-4D1B-A78C-1ECAE8558278}.Debug|Any CPU.ActiveCfg = Debug|Any CPU
		{874545B0-D2D9-4D1B-A78C-1ECAE8558278}.Debug|Any CPU.Build.0 = Debug|Any CPU
		{874545B0-D2D9-4D1B-A78C-1ECAE8558278}.Debug|Mixed Platforms.ActiveCfg = Debug|Any CPU
		{874545B0-D2D9-4D1B-A78C-1ECAE8558278}.Debug|Win32.ActiveCfg = Debug|Any CPU
		{874545B0-D2D9-4D1B-A78C-1ECAE8558278}.Debug|x86.ActiveCfg = Debug|Any CPU
		{874545B0-D2D9-4D1B-A78C-1ECAE8558278}.Release|Any CPU.ActiveCfg = Release|Any CPU
		{874545B0-D2D9-4D1B-A78C-1ECAE8558278}.Release|Any CPU.Build.0 = Release|Any CPU
		{874545B0-D2D9-4D1B-A78C-1ECAE8558278}.Release|Mixed Platforms.ActiveCfg = Release|Any CPU
		{874545B0-D2D9-4D1B-A78C-1ECAE8558278}.Release|Mixed Platforms.Build.0 = Release|Any CPU
		{874545B0-D2D9-4D1B-A78C-1ECAE8558278}.Release|Win32.ActiveCfg = Release|Any CPU
		{874545B0-D2D9-4D1B-A78C-1ECAE8558278}.Release|x86.ActiveCfg = Release|Any CPU
		{3E7F0E63-9D71-4374-93AE-094890725DC3}.Debug|Any CPU.ActiveCfg = Debug|Any CPU
		{3E7F0E63-9D71-4374-93AE-094890725DC3}.Debug|Any CPU.Build.0 = Debug|Any CPU
		{3E7F0E63-9D71-4374-93AE-094890725DC3}.Debug|Mixed Platforms.ActiveCfg = Debug|Any CPU
		{3E7F0E63-9D71-4374-93AE-094890725DC3}.Debug|Win32.ActiveCfg = Debug|Any CPU
		{3E7F0E63-9D71-4374-93AE-094890725DC3}.Debug|x86.ActiveCfg = Debug|Any CPU
		{3E7F0E63-9D71-4374-93AE-094890725DC3}.Release|Any CPU.ActiveCfg = Release|Any CPU
		{3E7F0E63-9D71-4374-93AE-094890725DC3}.Release|Any CPU.Build.0 = Release|Any CPU
		{3E7F0E63-9D71-4374-93AE-094890725DC3}.Release|Mixed Platforms.ActiveCfg = Release|Any CPU
		{3E7F0E63-9D71-4374-93AE-094890725DC3}.Release|Mixed Platforms.Build.0 = Release|Any CPU
		{3E7F0E63-9D71-4374-93AE-094890725DC3}.Release|Win32.ActiveCfg = Release|Any CPU
		{3E7F0E63-9D71-4374-93AE-094890725DC3}.Release|x86.ActiveCfg = Release|Any CPU
		{74734A53-6B11-48CA-94EF-267C2CC5FE53}.Debug|Any CPU.ActiveCfg = Debug|Any CPU
		{74734A53-6B11-48CA-94EF-267C2CC5FE53}.Debug|Any CPU.Build.0 = Debug|Any CPU
		{74734A53-6B11-48CA-94EF-267C2CC5FE53}.Debug|Mixed Platforms.ActiveCfg = Debug|Any CPU
		{74734A53-6B11-48CA-94EF-267C2CC5FE53}.Debug|Win32.ActiveCfg = Debug|Any CPU
		{74734A53-6B11-48CA-94EF-267C2CC5FE53}.Debug|x86.ActiveCfg = Debug|x86
		{74734A53-6B11-48CA-94EF-267C2CC5FE53}.Debug|x86.Build.0 = Debug|x86
		{74734A53-6B11-48CA-94EF-267C2CC5FE53}.Release|Any CPU.ActiveCfg = Release|Any CPU
		{74734A53-6B11-48CA-94EF-267C2CC5FE53}.Release|Any CPU.Build.0 = Release|Any CPU
		{74734A53-6B11-48CA-94EF-267C2CC5FE53}.Release|Mixed Platforms.ActiveCfg = Release|Any CPU
		{74734A53-6B11-48CA-94EF-267C2CC5FE53}.Release|Mixed Platforms.Build.0 = Release|Any CPU
		{74734A53-6B11-48CA-94EF-267C2CC5FE53}.Release|Win32.ActiveCfg = Release|Any CPU
		{74734A53-6B11-48CA-94EF-267C2CC5FE53}.Release|x86.ActiveCfg = Release|Any CPU
		{BE04A199-BBAD-4E50-B657-D0C71660E0CF}.Debug|Any CPU.ActiveCfg = Debug|Any CPU
		{BE04A199-BBAD-4E50-B657-D0C71660E0CF}.Debug|Any CPU.Build.0 = Debug|Any CPU
		{BE04A199-BBAD-4E50-B657-D0C71660E0CF}.Debug|Mixed Platforms.ActiveCfg = Debug|Any CPU
		{BE04A199-BBAD-4E50-B657-D0C71660E0CF}.Debug|Win32.ActiveCfg = Debug|Any CPU
		{BE04A199-BBAD-4E50-B657-D0C71660E0CF}.Debug|x86.ActiveCfg = Debug|Any CPU
		{BE04A199-BBAD-4E50-B657-D0C71660E0CF}.Release|Any CPU.ActiveCfg = Release|Any CPU
		{BE04A199-BBAD-4E50-B657-D0C71660E0CF}.Release|Any CPU.Build.0 = Release|Any CPU
		{BE04A199-BBAD-4E50-B657-D0C71660E0CF}.Release|Mixed Platforms.ActiveCfg = Release|Any CPU
		{BE04A199-BBAD-4E50-B657-D0C71660E0CF}.Release|Mixed Platforms.Build.0 = Release|Any CPU
		{BE04A199-BBAD-4E50-B657-D0C71660E0CF}.Release|Win32.ActiveCfg = Release|Any CPU
		{BE04A199-BBAD-4E50-B657-D0C71660E0CF}.Release|x86.ActiveCfg = Release|Any CPU
		{42797F0B-9C1E-4590-93DC-2FA846A560D5}.Debug|Any CPU.ActiveCfg = Debug|Any CPU
		{42797F0B-9C1E-4590-93DC-2FA846A560D5}.Debug|Any CPU.Build.0 = Debug|Any CPU
		{42797F0B-9C1E-4590-93DC-2FA846A560D5}.Debug|Mixed Platforms.ActiveCfg = Debug|Any CPU
		{42797F0B-9C1E-4590-93DC-2FA846A560D5}.Debug|Win32.ActiveCfg = Debug|Any CPU
		{42797F0B-9C1E-4590-93DC-2FA846A560D5}.Debug|x86.ActiveCfg = Debug|Any CPU
		{42797F0B-9C1E-4590-93DC-2FA846A560D5}.Release|Any CPU.ActiveCfg = Release|Any CPU
		{42797F0B-9C1E-4590-93DC-2FA846A560D5}.Release|Any CPU.Build.0 = Release|Any CPU
		{42797F0B-9C1E-4590-93DC-2FA846A560D5}.Release|Mixed Platforms.ActiveCfg = Release|Any CPU
		{42797F0B-9C1E-4590-93DC-2FA846A560D5}.Release|Mixed Platforms.Build.0 = Release|Any CPU
		{42797F0B-9C1E-4590-93DC-2FA846A560D5}.Release|Win32.ActiveCfg = Release|Any CPU
		{42797F0B-9C1E-4590-93DC-2FA846A560D5}.Release|x86.ActiveCfg = Release|Any CPU
		{C818B611-D9DF-4CC0-BF4D-0A9683F81AE8}.Debug|Any CPU.ActiveCfg = Debug|Any CPU
		{C818B611-D9DF-4CC0-BF4D-0A9683F81AE8}.Debug|Any CPU.Build.0 = Debug|Any CPU
		{C818B611-D9DF-4CC0-BF4D-0A9683F81AE8}.Debug|Mixed Platforms.ActiveCfg = Debug|Any CPU
		{C818B611-D9DF-4CC0-BF4D-0A9683F81AE8}.Debug|Win32.ActiveCfg = Debug|Any CPU
		{C818B611-D9DF-4CC0-BF4D-0A9683F81AE8}.Debug|x86.ActiveCfg = Debug|Any CPU
		{C818B611-D9DF-4CC0-BF4D-0A9683F81AE8}.Release|Any CPU.ActiveCfg = Release|Any CPU
		{C818B611-D9DF-4CC0-BF4D-0A9683F81AE8}.Release|Any CPU.Build.0 = Release|Any CPU
		{C818B611-D9DF-4CC0-BF4D-0A9683F81AE8}.Release|Mixed Platforms.ActiveCfg = Release|Any CPU
		{C818B611-D9DF-4CC0-BF4D-0A9683F81AE8}.Release|Mixed Platforms.Build.0 = Release|Any CPU
		{C818B611-D9DF-4CC0-BF4D-0A9683F81AE8}.Release|Win32.ActiveCfg = Release|Any CPU
		{C818B611-D9DF-4CC0-BF4D-0A9683F81AE8}.Release|x86.ActiveCfg = Release|Any CPU
		{529EFD94-4FC0-46FF-AFBC-431563F16B97}.Debug|Any CPU.ActiveCfg = Debug|Any CPU
		{529EFD94-4FC0-46FF-AFBC-431563F16B97}.Debug|Any CPU.Build.0 = Debug|Any CPU
		{529EFD94-4FC0-46FF-AFBC-431563F16B97}.Debug|Mixed Platforms.ActiveCfg = Debug|Any CPU
		{529EFD94-4FC0-46FF-AFBC-431563F16B97}.Debug|Win32.ActiveCfg = Debug|Any CPU
		{529EFD94-4FC0-46FF-AFBC-431563F16B97}.Debug|x86.ActiveCfg = Debug|Any CPU
		{529EFD94-4FC0-46FF-AFBC-431563F16B97}.Release|Any CPU.ActiveCfg = Release|Any CPU
		{529EFD94-4FC0-46FF-AFBC-431563F16B97}.Release|Any CPU.Build.0 = Release|Any CPU
		{529EFD94-4FC0-46FF-AFBC-431563F16B97}.Release|Mixed Platforms.ActiveCfg = Release|Any CPU
		{529EFD94-4FC0-46FF-AFBC-431563F16B97}.Release|Mixed Platforms.Build.0 = Release|Any CPU
		{529EFD94-4FC0-46FF-AFBC-431563F16B97}.Release|Win32.ActiveCfg = Release|Any CPU
		{529EFD94-4FC0-46FF-AFBC-431563F16B97}.Release|x86.ActiveCfg = Release|Any CPU
		{E2C58F67-46F3-4F46-B691-262396DCE7F4}.Debug|Any CPU.ActiveCfg = Debug|Any CPU
		{E2C58F67-46F3-4F46-B691-262396DCE7F4}.Debug|Any CPU.Build.0 = Debug|Any CPU
		{E2C58F67-46F3-4F46-B691-262396DCE7F4}.Debug|Mixed Platforms.ActiveCfg = Debug|Any CPU
		{E2C58F67-46F3-4F46-B691-262396DCE7F4}.Debug|Win32.ActiveCfg = Debug|Any CPU
		{E2C58F67-46F3-4F46-B691-262396DCE7F4}.Debug|x86.ActiveCfg = Debug|Any CPU
		{E2C58F67-46F3-4F46-B691-262396DCE7F4}.Release|Any CPU.ActiveCfg = Release|Any CPU
		{E2C58F67-46F3-4F46-B691-262396DCE7F4}.Release|Any CPU.Build.0 = Release|Any CPU
		{E2C58F67-46F3-4F46-B691-262396DCE7F4}.Release|Mixed Platforms.ActiveCfg = Release|Any CPU
		{E2C58F67-46F3-4F46-B691-262396DCE7F4}.Release|Mixed Platforms.Build.0 = Release|Any CPU
		{E2C58F67-46F3-4F46-B691-262396DCE7F4}.Release|Win32.ActiveCfg = Release|Any CPU
		{E2C58F67-46F3-4F46-B691-262396DCE7F4}.Release|x86.ActiveCfg = Release|Any CPU
		{43BE2D9F-254D-4FE3-BC36-C19C87C64C6B}.Debug|Any CPU.ActiveCfg = Debug|Any CPU
		{43BE2D9F-254D-4FE3-BC36-C19C87C64C6B}.Debug|Any CPU.Build.0 = Debug|Any CPU
		{43BE2D9F-254D-4FE3-BC36-C19C87C64C6B}.Debug|Mixed Platforms.ActiveCfg = Debug|Any CPU
		{43BE2D9F-254D-4FE3-BC36-C19C87C64C6B}.Debug|Win32.ActiveCfg = Debug|Any CPU
		{43BE2D9F-254D-4FE3-BC36-C19C87C64C6B}.Debug|x86.ActiveCfg = Debug|Any CPU
		{43BE2D9F-254D-4FE3-BC36-C19C87C64C6B}.Release|Any CPU.ActiveCfg = Release|Any CPU
		{43BE2D9F-254D-4FE3-BC36-C19C87C64C6B}.Release|Any CPU.Build.0 = Release|Any CPU
		{43BE2D9F-254D-4FE3-BC36-C19C87C64C6B}.Release|Mixed Platforms.ActiveCfg = Release|Any CPU
		{43BE2D9F-254D-4FE3-BC36-C19C87C64C6B}.Release|Mixed Platforms.Build.0 = Release|Any CPU
		{43BE2D9F-254D-4FE3-BC36-C19C87C64C6B}.Release|Win32.ActiveCfg = Release|Any CPU
		{43BE2D9F-254D-4FE3-BC36-C19C87C64C6B}.Release|x86.ActiveCfg = Release|Any CPU
		{B71CB8BF-5FE7-4266-83A4-18A367E30F96}.Debug|Any CPU.ActiveCfg = Debug|Any CPU
		{B71CB8BF-5FE7-4266-83A4-18A367E30F96}.Debug|Any CPU.Build.0 = Debug|Any CPU
		{B71CB8BF-5FE7-4266-83A4-18A367E30F96}.Debug|Mixed Platforms.ActiveCfg = Debug|Any CPU
		{B71CB8BF-5FE7-4266-83A4-18A367E30F96}.Debug|Win32.ActiveCfg = Debug|Any CPU
		{B71CB8BF-5FE7-4266-83A4-18A367E30F96}.Debug|x86.ActiveCfg = Debug|x86
		{B71CB8BF-5FE7-4266-83A4-18A367E30F96}.Debug|x86.Build.0 = Debug|x86
		{B71CB8BF-5FE7-4266-83A4-18A367E30F96}.Release|Any CPU.ActiveCfg = Release|Any CPU
		{B71CB8BF-5FE7-4266-83A4-18A367E30F96}.Release|Any CPU.Build.0 = Release|Any CPU
		{B71CB8BF-5FE7-4266-83A4-18A367E30F96}.Release|Mixed Platforms.ActiveCfg = Release|Any CPU
		{B71CB8BF-5FE7-4266-83A4-18A367E30F96}.Release|Mixed Platforms.Build.0 = Release|Any CPU
		{B71CB8BF-5FE7-4266-83A4-18A367E30F96}.Release|Win32.ActiveCfg = Release|Any CPU
		{B71CB8BF-5FE7-4266-83A4-18A367E30F96}.Release|x86.ActiveCfg = Release|Any CPU
		{27BAF70C-E1CF-4AC0-8ED1-91CD13FE6E08}.Debug|Any CPU.ActiveCfg = Debug|Any CPU
		{27BAF70C-E1CF-4AC0-8ED1-91CD13FE6E08}.Debug|Any CPU.Build.0 = Debug|Any CPU
		{27BAF70C-E1CF-4AC0-8ED1-91CD13FE6E08}.Debug|Mixed Platforms.ActiveCfg = Debug|Any CPU
		{27BAF70C-E1CF-4AC0-8ED1-91CD13FE6E08}.Debug|Win32.ActiveCfg = Debug|Any CPU
		{27BAF70C-E1CF-4AC0-8ED1-91CD13FE6E08}.Debug|x86.ActiveCfg = Debug|Any CPU
		{27BAF70C-E1CF-4AC0-8ED1-91CD13FE6E08}.Release|Any CPU.ActiveCfg = Release|Any CPU
		{27BAF70C-E1CF-4AC0-8ED1-91CD13FE6E08}.Release|Any CPU.Build.0 = Release|Any CPU
		{27BAF70C-E1CF-4AC0-8ED1-91CD13FE6E08}.Release|Mixed Platforms.ActiveCfg = Release|Any CPU
		{27BAF70C-E1CF-4AC0-8ED1-91CD13FE6E08}.Release|Mixed Platforms.Build.0 = Release|Any CPU
		{27BAF70C-E1CF-4AC0-8ED1-91CD13FE6E08}.Release|Win32.ActiveCfg = Release|Any CPU
		{27BAF70C-E1CF-4AC0-8ED1-91CD13FE6E08}.Release|x86.ActiveCfg = Release|Any CPU
		{E2921F23-BD90-4B9A-A1DF-2506C6D82958}.Debug|Any CPU.ActiveCfg = Debug|Any CPU
		{E2921F23-BD90-4B9A-A1DF-2506C6D82958}.Debug|Any CPU.Build.0 = Debug|Any CPU
		{E2921F23-BD90-4B9A-A1DF-2506C6D82958}.Debug|Mixed Platforms.ActiveCfg = Debug|Any CPU
		{E2921F23-BD90-4B9A-A1DF-2506C6D82958}.Debug|Win32.ActiveCfg = Debug|Any CPU
		{E2921F23-BD90-4B9A-A1DF-2506C6D82958}.Debug|x86.ActiveCfg = Debug|Any CPU
		{E2921F23-BD90-4B9A-A1DF-2506C6D82958}.Release|Any CPU.ActiveCfg = Release|Any CPU
		{E2921F23-BD90-4B9A-A1DF-2506C6D82958}.Release|Any CPU.Build.0 = Release|Any CPU
		{E2921F23-BD90-4B9A-A1DF-2506C6D82958}.Release|Mixed Platforms.ActiveCfg = Release|Any CPU
		{E2921F23-BD90-4B9A-A1DF-2506C6D82958}.Release|Mixed Platforms.Build.0 = Release|Any CPU
		{E2921F23-BD90-4B9A-A1DF-2506C6D82958}.Release|Win32.ActiveCfg = Release|Any CPU
		{E2921F23-BD90-4B9A-A1DF-2506C6D82958}.Release|x86.ActiveCfg = Release|Any CPU
		{66AB06AB-DC82-4874-8B93-405DC4F4F4CF}.Debug|Any CPU.ActiveCfg = Debug|x86
		{66AB06AB-DC82-4874-8B93-405DC4F4F4CF}.Debug|Any CPU.Build.0 = Debug|x86
		{66AB06AB-DC82-4874-8B93-405DC4F4F4CF}.Debug|Mixed Platforms.ActiveCfg = Debug|x86
		{66AB06AB-DC82-4874-8B93-405DC4F4F4CF}.Debug|Win32.ActiveCfg = Debug|x86
		{66AB06AB-DC82-4874-8B93-405DC4F4F4CF}.Debug|x86.ActiveCfg = Debug|x86
		{66AB06AB-DC82-4874-8B93-405DC4F4F4CF}.Debug|x86.Build.0 = Debug|x86
		{66AB06AB-DC82-4874-8B93-405DC4F4F4CF}.Release|Any CPU.ActiveCfg = Release|Any CPU
		{66AB06AB-DC82-4874-8B93-405DC4F4F4CF}.Release|Any CPU.Build.0 = Release|Any CPU
		{66AB06AB-DC82-4874-8B93-405DC4F4F4CF}.Release|Mixed Platforms.ActiveCfg = Release|Any CPU
		{66AB06AB-DC82-4874-8B93-405DC4F4F4CF}.Release|Mixed Platforms.Build.0 = Release|Any CPU
		{66AB06AB-DC82-4874-8B93-405DC4F4F4CF}.Release|Win32.ActiveCfg = Release|Any CPU
		{66AB06AB-DC82-4874-8B93-405DC4F4F4CF}.Release|x86.ActiveCfg = Release|Any CPU
		{A9100B11-69F3-4300-91B9-356AB4444253}.Debug|Any CPU.ActiveCfg = Debug|Any CPU
		{A9100B11-69F3-4300-91B9-356AB4444253}.Debug|Any CPU.Build.0 = Debug|Any CPU
		{A9100B11-69F3-4300-91B9-356AB4444253}.Debug|Mixed Platforms.ActiveCfg = Debug|Any CPU
		{A9100B11-69F3-4300-91B9-356AB4444253}.Debug|Win32.ActiveCfg = Debug|Any CPU
		{A9100B11-69F3-4300-91B9-356AB4444253}.Debug|x86.ActiveCfg = Debug|Any CPU
		{A9100B11-69F3-4300-91B9-356AB4444253}.Release|Any CPU.ActiveCfg = Release|Any CPU
		{A9100B11-69F3-4300-91B9-356AB4444253}.Release|Any CPU.Build.0 = Release|Any CPU
		{A9100B11-69F3-4300-91B9-356AB4444253}.Release|Mixed Platforms.ActiveCfg = Release|Any CPU
		{A9100B11-69F3-4300-91B9-356AB4444253}.Release|Mixed Platforms.Build.0 = Release|Any CPU
		{A9100B11-69F3-4300-91B9-356AB4444253}.Release|Win32.ActiveCfg = Release|Any CPU
		{A9100B11-69F3-4300-91B9-356AB4444253}.Release|x86.ActiveCfg = Release|Any CPU
		{5DDE97B5-55D7-4B4E-AF08-A266012C5831}.Debug|Any CPU.ActiveCfg = Debug|Any CPU
		{5DDE97B5-55D7-4B4E-AF08-A266012C5831}.Debug|Any CPU.Build.0 = Debug|Any CPU
		{5DDE97B5-55D7-4B4E-AF08-A266012C5831}.Debug|Mixed Platforms.ActiveCfg = Debug|Any CPU
		{5DDE97B5-55D7-4B4E-AF08-A266012C5831}.Debug|Win32.ActiveCfg = Debug|Any CPU
		{5DDE97B5-55D7-4B4E-AF08-A266012C5831}.Debug|x86.ActiveCfg = Debug|Any CPU
		{5DDE97B5-55D7-4B4E-AF08-A266012C5831}.Release|Any CPU.ActiveCfg = Release|Any CPU
		{5DDE97B5-55D7-4B4E-AF08-A266012C5831}.Release|Any CPU.Build.0 = Release|Any CPU
		{5DDE97B5-55D7-4B4E-AF08-A266012C5831}.Release|Mixed Platforms.ActiveCfg = Release|Any CPU
		{5DDE97B5-55D7-4B4E-AF08-A266012C5831}.Release|Mixed Platforms.Build.0 = Release|Any CPU
		{5DDE97B5-55D7-4B4E-AF08-A266012C5831}.Release|Win32.ActiveCfg = Release|Any CPU
		{5DDE97B5-55D7-4B4E-AF08-A266012C5831}.Release|x86.ActiveCfg = Release|Any CPU
		{21CBD376-3DF1-4CD1-816B-545DA94A4F97}.Debug|Any CPU.ActiveCfg = Debug|Any CPU
		{21CBD376-3DF1-4CD1-816B-545DA94A4F97}.Debug|Any CPU.Build.0 = Debug|Any CPU
		{21CBD376-3DF1-4CD1-816B-545DA94A4F97}.Debug|Mixed Platforms.ActiveCfg = Debug|Any CPU
		{21CBD376-3DF1-4CD1-816B-545DA94A4F97}.Debug|Win32.ActiveCfg = Debug|Any CPU
		{21CBD376-3DF1-4CD1-816B-545DA94A4F97}.Debug|x86.ActiveCfg = Debug|Any CPU
		{21CBD376-3DF1-4CD1-816B-545DA94A4F97}.Release|Any CPU.ActiveCfg = Release|Any CPU
		{21CBD376-3DF1-4CD1-816B-545DA94A4F97}.Release|Any CPU.Build.0 = Release|Any CPU
		{21CBD376-3DF1-4CD1-816B-545DA94A4F97}.Release|Mixed Platforms.ActiveCfg = Release|Any CPU
		{21CBD376-3DF1-4CD1-816B-545DA94A4F97}.Release|Mixed Platforms.Build.0 = Release|Any CPU
		{21CBD376-3DF1-4CD1-816B-545DA94A4F97}.Release|Win32.ActiveCfg = Release|Any CPU
		{21CBD376-3DF1-4CD1-816B-545DA94A4F97}.Release|x86.ActiveCfg = Release|Any CPU
		{EC35DEE1-72EE-454F-B299-EF3271E30B39}.Debug|Any CPU.ActiveCfg = Debug|Any CPU
		{EC35DEE1-72EE-454F-B299-EF3271E30B39}.Debug|Any CPU.Build.0 = Debug|Any CPU
		{EC35DEE1-72EE-454F-B299-EF3271E30B39}.Debug|Mixed Platforms.ActiveCfg = Debug|Any CPU
		{EC35DEE1-72EE-454F-B299-EF3271E30B39}.Debug|Win32.ActiveCfg = Debug|Any CPU
		{EC35DEE1-72EE-454F-B299-EF3271E30B39}.Debug|x86.ActiveCfg = Debug|Any CPU
		{EC35DEE1-72EE-454F-B299-EF3271E30B39}.Release|Any CPU.ActiveCfg = Release|Any CPU
		{EC35DEE1-72EE-454F-B299-EF3271E30B39}.Release|Any CPU.Build.0 = Release|Any CPU
		{EC35DEE1-72EE-454F-B299-EF3271E30B39}.Release|Mixed Platforms.ActiveCfg = Release|Any CPU
		{EC35DEE1-72EE-454F-B299-EF3271E30B39}.Release|Mixed Platforms.Build.0 = Release|Any CPU
		{EC35DEE1-72EE-454F-B299-EF3271E30B39}.Release|Win32.ActiveCfg = Release|Any CPU
		{EC35DEE1-72EE-454F-B299-EF3271E30B39}.Release|x86.ActiveCfg = Release|Any CPU
		{4F777D6C-1DA5-4932-AD6B-A39FB21DFCC3}.Debug|Any CPU.ActiveCfg = Debug|Any CPU
		{4F777D6C-1DA5-4932-AD6B-A39FB21DFCC3}.Debug|Any CPU.Build.0 = Debug|Any CPU
		{4F777D6C-1DA5-4932-AD6B-A39FB21DFCC3}.Debug|Mixed Platforms.ActiveCfg = Debug|Any CPU
		{4F777D6C-1DA5-4932-AD6B-A39FB21DFCC3}.Debug|Win32.ActiveCfg = Debug|Any CPU
		{4F777D6C-1DA5-4932-AD6B-A39FB21DFCC3}.Debug|x86.ActiveCfg = Debug|Any CPU
		{4F777D6C-1DA5-4932-AD6B-A39FB21DFCC3}.Debug|x86.Build.0 = Debug|Any CPU
		{4F777D6C-1DA5-4932-AD6B-A39FB21DFCC3}.Release|Any CPU.ActiveCfg = Release|Any CPU
		{4F777D6C-1DA5-4932-AD6B-A39FB21DFCC3}.Release|Any CPU.Build.0 = Release|Any CPU
		{4F777D6C-1DA5-4932-AD6B-A39FB21DFCC3}.Release|Mixed Platforms.ActiveCfg = Release|Any CPU
		{4F777D6C-1DA5-4932-AD6B-A39FB21DFCC3}.Release|Mixed Platforms.Build.0 = Release|Any CPU
		{4F777D6C-1DA5-4932-AD6B-A39FB21DFCC3}.Release|Win32.ActiveCfg = Release|Any CPU
		{4F777D6C-1DA5-4932-AD6B-A39FB21DFCC3}.Release|x86.ActiveCfg = Release|Any CPU
		{07DA13ED-5E8F-4A1E-ABB5-51CD08CB9B64}.Debug|Any CPU.ActiveCfg = Debug|Any CPU
		{07DA13ED-5E8F-4A1E-ABB5-51CD08CB9B64}.Debug|Any CPU.Build.0 = Debug|Any CPU
		{07DA13ED-5E8F-4A1E-ABB5-51CD08CB9B64}.Debug|Mixed Platforms.ActiveCfg = Debug|Any CPU
		{07DA13ED-5E8F-4A1E-ABB5-51CD08CB9B64}.Debug|Win32.ActiveCfg = Debug|Any CPU
		{07DA13ED-5E8F-4A1E-ABB5-51CD08CB9B64}.Debug|x86.ActiveCfg = Debug|Any CPU
		{07DA13ED-5E8F-4A1E-ABB5-51CD08CB9B64}.Release|Any CPU.ActiveCfg = Release|Any CPU
		{07DA13ED-5E8F-4A1E-ABB5-51CD08CB9B64}.Release|Any CPU.Build.0 = Release|Any CPU
		{07DA13ED-5E8F-4A1E-ABB5-51CD08CB9B64}.Release|Mixed Platforms.ActiveCfg = Release|Any CPU
		{07DA13ED-5E8F-4A1E-ABB5-51CD08CB9B64}.Release|Mixed Platforms.Build.0 = Release|Any CPU
		{07DA13ED-5E8F-4A1E-ABB5-51CD08CB9B64}.Release|Win32.ActiveCfg = Release|Any CPU
		{07DA13ED-5E8F-4A1E-ABB5-51CD08CB9B64}.Release|x86.ActiveCfg = Release|Any CPU
		{F20E6717-5EDF-4DB0-9EED-71E1FB1FF225}.Debug|Any CPU.ActiveCfg = Debug|Any CPU
		{F20E6717-5EDF-4DB0-9EED-71E1FB1FF225}.Debug|Any CPU.Build.0 = Debug|Any CPU
		{F20E6717-5EDF-4DB0-9EED-71E1FB1FF225}.Debug|Mixed Platforms.ActiveCfg = Debug|Any CPU
		{F20E6717-5EDF-4DB0-9EED-71E1FB1FF225}.Debug|Mixed Platforms.Build.0 = Debug|Any CPU
		{F20E6717-5EDF-4DB0-9EED-71E1FB1FF225}.Debug|Win32.ActiveCfg = Debug|Any CPU
		{F20E6717-5EDF-4DB0-9EED-71E1FB1FF225}.Debug|x86.ActiveCfg = Debug|Any CPU
		{F20E6717-5EDF-4DB0-9EED-71E1FB1FF225}.Release|Any CPU.ActiveCfg = Release|Any CPU
		{F20E6717-5EDF-4DB0-9EED-71E1FB1FF225}.Release|Any CPU.Build.0 = Release|Any CPU
		{F20E6717-5EDF-4DB0-9EED-71E1FB1FF225}.Release|Mixed Platforms.ActiveCfg = Release|Any CPU
		{F20E6717-5EDF-4DB0-9EED-71E1FB1FF225}.Release|Mixed Platforms.Build.0 = Release|Any CPU
		{F20E6717-5EDF-4DB0-9EED-71E1FB1FF225}.Release|Win32.ActiveCfg = Release|Any CPU
		{F20E6717-5EDF-4DB0-9EED-71E1FB1FF225}.Release|x86.ActiveCfg = Release|Any CPU
		{3A0473EB-DF3A-4D3C-A1BB-BF3C828844B0}.Debug|Any CPU.ActiveCfg = Debug|Any CPU
		{3A0473EB-DF3A-4D3C-A1BB-BF3C828844B0}.Debug|Any CPU.Build.0 = Debug|Any CPU
		{3A0473EB-DF3A-4D3C-A1BB-BF3C828844B0}.Debug|Mixed Platforms.ActiveCfg = Debug|Any CPU
		{3A0473EB-DF3A-4D3C-A1BB-BF3C828844B0}.Debug|Win32.ActiveCfg = Debug|Any CPU
		{3A0473EB-DF3A-4D3C-A1BB-BF3C828844B0}.Debug|x86.ActiveCfg = Debug|Any CPU
		{3A0473EB-DF3A-4D3C-A1BB-BF3C828844B0}.Release|Any CPU.ActiveCfg = Release|Any CPU
		{3A0473EB-DF3A-4D3C-A1BB-BF3C828844B0}.Release|Any CPU.Build.0 = Release|Any CPU
		{3A0473EB-DF3A-4D3C-A1BB-BF3C828844B0}.Release|Mixed Platforms.ActiveCfg = Release|Any CPU
		{3A0473EB-DF3A-4D3C-A1BB-BF3C828844B0}.Release|Mixed Platforms.Build.0 = Release|Any CPU
		{3A0473EB-DF3A-4D3C-A1BB-BF3C828844B0}.Release|Win32.ActiveCfg = Release|Any CPU
		{3A0473EB-DF3A-4D3C-A1BB-BF3C828844B0}.Release|x86.ActiveCfg = Release|Any CPU
		{D2A189FC-C293-4974-86F1-21007E6F46DD}.Debug|Any CPU.ActiveCfg = Debug|Any CPU
		{D2A189FC-C293-4974-86F1-21007E6F46DD}.Debug|Any CPU.Build.0 = Debug|Any CPU
		{D2A189FC-C293-4974-86F1-21007E6F46DD}.Debug|Mixed Platforms.ActiveCfg = Debug|Any CPU
		{D2A189FC-C293-4974-86F1-21007E6F46DD}.Debug|Win32.ActiveCfg = Debug|Any CPU
		{D2A189FC-C293-4974-86F1-21007E6F46DD}.Debug|x86.ActiveCfg = Debug|Any CPU
		{D2A189FC-C293-4974-86F1-21007E6F46DD}.Release|Any CPU.ActiveCfg = Release|Any CPU
		{D2A189FC-C293-4974-86F1-21007E6F46DD}.Release|Any CPU.Build.0 = Release|Any CPU
		{D2A189FC-C293-4974-86F1-21007E6F46DD}.Release|Mixed Platforms.ActiveCfg = Release|Any CPU
		{D2A189FC-C293-4974-86F1-21007E6F46DD}.Release|Mixed Platforms.Build.0 = Release|Any CPU
		{D2A189FC-C293-4974-86F1-21007E6F46DD}.Release|Win32.ActiveCfg = Release|Any CPU
		{D2A189FC-C293-4974-86F1-21007E6F46DD}.Release|x86.ActiveCfg = Release|Any CPU
		{7240E187-D299-4DBE-A33B-78BD4BD44C85}.Debug|Any CPU.ActiveCfg = Debug|Any CPU
		{7240E187-D299-4DBE-A33B-78BD4BD44C85}.Debug|Any CPU.Build.0 = Debug|Any CPU
		{7240E187-D299-4DBE-A33B-78BD4BD44C85}.Debug|Mixed Platforms.ActiveCfg = Debug|Any CPU
		{7240E187-D299-4DBE-A33B-78BD4BD44C85}.Debug|Win32.ActiveCfg = Debug|Any CPU
		{7240E187-D299-4DBE-A33B-78BD4BD44C85}.Debug|x86.ActiveCfg = Debug|Any CPU
		{7240E187-D299-4DBE-A33B-78BD4BD44C85}.Release|Any CPU.ActiveCfg = Release|Any CPU
		{7240E187-D299-4DBE-A33B-78BD4BD44C85}.Release|Any CPU.Build.0 = Release|Any CPU
		{7240E187-D299-4DBE-A33B-78BD4BD44C85}.Release|Mixed Platforms.ActiveCfg = Release|Any CPU
		{7240E187-D299-4DBE-A33B-78BD4BD44C85}.Release|Mixed Platforms.Build.0 = Release|Any CPU
		{7240E187-D299-4DBE-A33B-78BD4BD44C85}.Release|Win32.ActiveCfg = Release|Any CPU
		{7240E187-D299-4DBE-A33B-78BD4BD44C85}.Release|x86.ActiveCfg = Release|Any CPU
		{268E29DE-25D5-4868-A31A-BDBC64731D96}.Debug|Any CPU.ActiveCfg = Debug|Any CPU
		{268E29DE-25D5-4868-A31A-BDBC64731D96}.Debug|Any CPU.Build.0 = Debug|Any CPU
		{268E29DE-25D5-4868-A31A-BDBC64731D96}.Debug|Mixed Platforms.ActiveCfg = Debug|Any CPU
		{268E29DE-25D5-4868-A31A-BDBC64731D96}.Debug|Win32.ActiveCfg = Debug|Any CPU
		{268E29DE-25D5-4868-A31A-BDBC64731D96}.Debug|x86.ActiveCfg = Debug|Any CPU
		{268E29DE-25D5-4868-A31A-BDBC64731D96}.Debug|x86.Build.0 = Debug|Any CPU
		{268E29DE-25D5-4868-A31A-BDBC64731D96}.Release|Any CPU.ActiveCfg = Release|Any CPU
		{268E29DE-25D5-4868-A31A-BDBC64731D96}.Release|Any CPU.Build.0 = Release|Any CPU
		{268E29DE-25D5-4868-A31A-BDBC64731D96}.Release|Mixed Platforms.ActiveCfg = Release|Any CPU
		{268E29DE-25D5-4868-A31A-BDBC64731D96}.Release|Mixed Platforms.Build.0 = Release|Any CPU
		{268E29DE-25D5-4868-A31A-BDBC64731D96}.Release|Win32.ActiveCfg = Release|Any CPU
		{268E29DE-25D5-4868-A31A-BDBC64731D96}.Release|x86.ActiveCfg = Release|Any CPU
		{B2BA504A-21E6-46B1-9481-C9E6127AE9AB}.Debug|Any CPU.ActiveCfg = Debug|Any CPU
		{B2BA504A-21E6-46B1-9481-C9E6127AE9AB}.Debug|Any CPU.Build.0 = Debug|Any CPU
		{B2BA504A-21E6-46B1-9481-C9E6127AE9AB}.Debug|Mixed Platforms.ActiveCfg = Debug|Any CPU
		{B2BA504A-21E6-46B1-9481-C9E6127AE9AB}.Debug|Win32.ActiveCfg = Debug|Any CPU
		{B2BA504A-21E6-46B1-9481-C9E6127AE9AB}.Debug|x86.ActiveCfg = Debug|Any CPU
		{B2BA504A-21E6-46B1-9481-C9E6127AE9AB}.Debug|x86.Build.0 = Debug|Any CPU
		{B2BA504A-21E6-46B1-9481-C9E6127AE9AB}.Release|Any CPU.ActiveCfg = Release|Any CPU
		{B2BA504A-21E6-46B1-9481-C9E6127AE9AB}.Release|Any CPU.Build.0 = Release|Any CPU
		{B2BA504A-21E6-46B1-9481-C9E6127AE9AB}.Release|Mixed Platforms.ActiveCfg = Release|Any CPU
		{B2BA504A-21E6-46B1-9481-C9E6127AE9AB}.Release|Mixed Platforms.Build.0 = Release|Any CPU
		{B2BA504A-21E6-46B1-9481-C9E6127AE9AB}.Release|Win32.ActiveCfg = Release|Any CPU
		{B2BA504A-21E6-46B1-9481-C9E6127AE9AB}.Release|x86.ActiveCfg = Release|Any CPU
		{EDEC0003-8717-453F-BEB3-B2BEA65855AC}.Debug|Any CPU.ActiveCfg = Debug|x86
		{EDEC0003-8717-453F-BEB3-B2BEA65855AC}.Debug|Any CPU.Build.0 = Debug|x86
		{EDEC0003-8717-453F-BEB3-B2BEA65855AC}.Debug|Mixed Platforms.ActiveCfg = Debug|Any CPU
		{EDEC0003-8717-453F-BEB3-B2BEA65855AC}.Debug|Win32.ActiveCfg = Debug|Any CPU
		{EDEC0003-8717-453F-BEB3-B2BEA65855AC}.Debug|x86.ActiveCfg = Debug|x86
		{EDEC0003-8717-453F-BEB3-B2BEA65855AC}.Debug|x86.Build.0 = Debug|x86
		{EDEC0003-8717-453F-BEB3-B2BEA65855AC}.Release|Any CPU.ActiveCfg = Release|Any CPU
		{EDEC0003-8717-453F-BEB3-B2BEA65855AC}.Release|Any CPU.Build.0 = Release|Any CPU
		{EDEC0003-8717-453F-BEB3-B2BEA65855AC}.Release|Mixed Platforms.ActiveCfg = Release|Any CPU
		{EDEC0003-8717-453F-BEB3-B2BEA65855AC}.Release|Mixed Platforms.Build.0 = Release|Any CPU
		{EDEC0003-8717-453F-BEB3-B2BEA65855AC}.Release|Win32.ActiveCfg = Release|Any CPU
		{EDEC0003-8717-453F-BEB3-B2BEA65855AC}.Release|x86.ActiveCfg = Release|Any CPU
		{8ED1BBAA-AC6E-48B7-B730-92EB23B33AF4}.Debug|Any CPU.ActiveCfg = Debug|Any CPU
		{8ED1BBAA-AC6E-48B7-B730-92EB23B33AF4}.Debug|Any CPU.Build.0 = Debug|Any CPU
		{8ED1BBAA-AC6E-48B7-B730-92EB23B33AF4}.Debug|Mixed Platforms.ActiveCfg = Debug|Any CPU
		{8ED1BBAA-AC6E-48B7-B730-92EB23B33AF4}.Debug|Mixed Platforms.Build.0 = Debug|Any CPU
		{8ED1BBAA-AC6E-48B7-B730-92EB23B33AF4}.Debug|Win32.ActiveCfg = Debug|Any CPU
		{8ED1BBAA-AC6E-48B7-B730-92EB23B33AF4}.Debug|Win32.Build.0 = Debug|Any CPU
		{8ED1BBAA-AC6E-48B7-B730-92EB23B33AF4}.Debug|x86.ActiveCfg = Debug|Any CPU
		{8ED1BBAA-AC6E-48B7-B730-92EB23B33AF4}.Release|Any CPU.ActiveCfg = Release|Any CPU
		{8ED1BBAA-AC6E-48B7-B730-92EB23B33AF4}.Release|Any CPU.Build.0 = Release|Any CPU
		{8ED1BBAA-AC6E-48B7-B730-92EB23B33AF4}.Release|Mixed Platforms.ActiveCfg = Release|Any CPU
		{8ED1BBAA-AC6E-48B7-B730-92EB23B33AF4}.Release|Mixed Platforms.Build.0 = Release|Any CPU
		{8ED1BBAA-AC6E-48B7-B730-92EB23B33AF4}.Release|Win32.ActiveCfg = Release|Any CPU
		{8ED1BBAA-AC6E-48B7-B730-92EB23B33AF4}.Release|Win32.Build.0 = Release|Any CPU
		{8ED1BBAA-AC6E-48B7-B730-92EB23B33AF4}.Release|x86.ActiveCfg = Release|Any CPU
		{8ED1BBAA-AC6E-48B7-B730-92EB23B33AF4}.Release|x86.Build.0 = Release|Any CPU
		{167AEA83-3677-4D69-A240-E997D13A38A4}.Debug|Any CPU.ActiveCfg = Debug|Any CPU
		{167AEA83-3677-4D69-A240-E997D13A38A4}.Debug|Any CPU.Build.0 = Debug|Any CPU
		{167AEA83-3677-4D69-A240-E997D13A38A4}.Debug|Mixed Platforms.ActiveCfg = Debug|Any CPU
		{167AEA83-3677-4D69-A240-E997D13A38A4}.Debug|Mixed Platforms.Build.0 = Debug|Any CPU
		{167AEA83-3677-4D69-A240-E997D13A38A4}.Debug|Win32.ActiveCfg = Debug|Any CPU
		{167AEA83-3677-4D69-A240-E997D13A38A4}.Debug|Win32.Build.0 = Debug|Any CPU
		{167AEA83-3677-4D69-A240-E997D13A38A4}.Debug|x86.ActiveCfg = Debug|x86
		{167AEA83-3677-4D69-A240-E997D13A38A4}.Debug|x86.Build.0 = Debug|x86
		{167AEA83-3677-4D69-A240-E997D13A38A4}.Release|Any CPU.ActiveCfg = Release|Any CPU
		{167AEA83-3677-4D69-A240-E997D13A38A4}.Release|Any CPU.Build.0 = Release|Any CPU
		{167AEA83-3677-4D69-A240-E997D13A38A4}.Release|Mixed Platforms.ActiveCfg = Release|Any CPU
		{167AEA83-3677-4D69-A240-E997D13A38A4}.Release|Mixed Platforms.Build.0 = Release|Any CPU
		{167AEA83-3677-4D69-A240-E997D13A38A4}.Release|Win32.ActiveCfg = Release|Any CPU
		{167AEA83-3677-4D69-A240-E997D13A38A4}.Release|Win32.Build.0 = Release|Any CPU
		{167AEA83-3677-4D69-A240-E997D13A38A4}.Release|x86.ActiveCfg = Release|Any CPU
		{167AEA83-3677-4D69-A240-E997D13A38A4}.Release|x86.Build.0 = Release|Any CPU
		{13FC3813-DA92-403B-BE0D-EDD40DE98F9A}.Debug|Any CPU.ActiveCfg = Debug|Any CPU
		{13FC3813-DA92-403B-BE0D-EDD40DE98F9A}.Debug|Any CPU.Build.0 = Debug|Any CPU
		{13FC3813-DA92-403B-BE0D-EDD40DE98F9A}.Debug|Mixed Platforms.ActiveCfg = Debug|Any CPU
		{13FC3813-DA92-403B-BE0D-EDD40DE98F9A}.Debug|Mixed Platforms.Build.0 = Debug|Any CPU
		{13FC3813-DA92-403B-BE0D-EDD40DE98F9A}.Debug|Win32.ActiveCfg = Debug|Any CPU
		{13FC3813-DA92-403B-BE0D-EDD40DE98F9A}.Debug|Win32.Build.0 = Debug|Any CPU
		{13FC3813-DA92-403B-BE0D-EDD40DE98F9A}.Debug|x86.ActiveCfg = Debug|Any CPU
		{13FC3813-DA92-403B-BE0D-EDD40DE98F9A}.Debug|x86.Build.0 = Debug|Any CPU
		{13FC3813-DA92-403B-BE0D-EDD40DE98F9A}.Release|Any CPU.ActiveCfg = Release|Any CPU
		{13FC3813-DA92-403B-BE0D-EDD40DE98F9A}.Release|Any CPU.Build.0 = Release|Any CPU
		{13FC3813-DA92-403B-BE0D-EDD40DE98F9A}.Release|Mixed Platforms.ActiveCfg = Release|Any CPU
		{13FC3813-DA92-403B-BE0D-EDD40DE98F9A}.Release|Mixed Platforms.Build.0 = Release|Any CPU
		{13FC3813-DA92-403B-BE0D-EDD40DE98F9A}.Release|Win32.ActiveCfg = Release|Any CPU
		{13FC3813-DA92-403B-BE0D-EDD40DE98F9A}.Release|Win32.Build.0 = Release|Any CPU
		{13FC3813-DA92-403B-BE0D-EDD40DE98F9A}.Release|x86.ActiveCfg = Release|Any CPU
		{13FC3813-DA92-403B-BE0D-EDD40DE98F9A}.Release|x86.Build.0 = Release|Any CPU
		{966059D7-5CA1-407C-8D20-6B173B3DCEB7}.Debug|Any CPU.ActiveCfg = Debug|Any CPU
		{966059D7-5CA1-407C-8D20-6B173B3DCEB7}.Debug|Any CPU.Build.0 = Debug|Any CPU
		{966059D7-5CA1-407C-8D20-6B173B3DCEB7}.Debug|Mixed Platforms.ActiveCfg = Debug|Any CPU
		{966059D7-5CA1-407C-8D20-6B173B3DCEB7}.Debug|Mixed Platforms.Build.0 = Debug|Any CPU
		{966059D7-5CA1-407C-8D20-6B173B3DCEB7}.Debug|Win32.ActiveCfg = Debug|Any CPU
		{966059D7-5CA1-407C-8D20-6B173B3DCEB7}.Debug|Win32.Build.0 = Debug|Any CPU
		{966059D7-5CA1-407C-8D20-6B173B3DCEB7}.Debug|x86.ActiveCfg = Debug|Any CPU
		{966059D7-5CA1-407C-8D20-6B173B3DCEB7}.Debug|x86.Build.0 = Debug|Any CPU
		{966059D7-5CA1-407C-8D20-6B173B3DCEB7}.Release|Any CPU.ActiveCfg = Release|Any CPU
		{966059D7-5CA1-407C-8D20-6B173B3DCEB7}.Release|Any CPU.Build.0 = Release|Any CPU
		{966059D7-5CA1-407C-8D20-6B173B3DCEB7}.Release|Mixed Platforms.ActiveCfg = Release|Any CPU
		{966059D7-5CA1-407C-8D20-6B173B3DCEB7}.Release|Mixed Platforms.Build.0 = Release|Any CPU
		{966059D7-5CA1-407C-8D20-6B173B3DCEB7}.Release|Win32.ActiveCfg = Release|Any CPU
		{966059D7-5CA1-407C-8D20-6B173B3DCEB7}.Release|Win32.Build.0 = Release|Any CPU
		{966059D7-5CA1-407C-8D20-6B173B3DCEB7}.Release|x86.ActiveCfg = Release|Any CPU
		{966059D7-5CA1-407C-8D20-6B173B3DCEB7}.Release|x86.Build.0 = Release|Any CPU
		{F147F20E-6576-4A7C-945A-D61BCC85505A}.Debug|Any CPU.ActiveCfg = Debug|Any CPU
		{F147F20E-6576-4A7C-945A-D61BCC85505A}.Debug|Any CPU.Build.0 = Debug|Any CPU
		{F147F20E-6576-4A7C-945A-D61BCC85505A}.Debug|Mixed Platforms.ActiveCfg = Debug|Any CPU
		{F147F20E-6576-4A7C-945A-D61BCC85505A}.Debug|Mixed Platforms.Build.0 = Debug|Any CPU
		{F147F20E-6576-4A7C-945A-D61BCC85505A}.Debug|Win32.ActiveCfg = Debug|Any CPU
		{F147F20E-6576-4A7C-945A-D61BCC85505A}.Debug|Win32.Build.0 = Debug|Any CPU
		{F147F20E-6576-4A7C-945A-D61BCC85505A}.Debug|x86.ActiveCfg = Debug|Any CPU
		{F147F20E-6576-4A7C-945A-D61BCC85505A}.Release|Any CPU.ActiveCfg = Release|Any CPU
		{F147F20E-6576-4A7C-945A-D61BCC85505A}.Release|Any CPU.Build.0 = Release|Any CPU
		{F147F20E-6576-4A7C-945A-D61BCC85505A}.Release|Mixed Platforms.ActiveCfg = Release|Any CPU
		{F147F20E-6576-4A7C-945A-D61BCC85505A}.Release|Mixed Platforms.Build.0 = Release|Any CPU
		{F147F20E-6576-4A7C-945A-D61BCC85505A}.Release|Win32.ActiveCfg = Release|Any CPU
		{F147F20E-6576-4A7C-945A-D61BCC85505A}.Release|Win32.Build.0 = Release|Any CPU
		{F147F20E-6576-4A7C-945A-D61BCC85505A}.Release|x86.ActiveCfg = Release|Any CPU
		{F147F20E-6576-4A7C-945A-D61BCC85505A}.Release|x86.Build.0 = Release|Any CPU
		{AD5990D1-DFB6-48C4-84EB-537D603689A2}.Debug|Any CPU.ActiveCfg = Debug|Any CPU
		{AD5990D1-DFB6-48C4-84EB-537D603689A2}.Debug|Any CPU.Build.0 = Debug|Any CPU
		{AD5990D1-DFB6-48C4-84EB-537D603689A2}.Debug|Mixed Platforms.ActiveCfg = Debug|Any CPU
		{AD5990D1-DFB6-48C4-84EB-537D603689A2}.Debug|Mixed Platforms.Build.0 = Debug|Any CPU
		{AD5990D1-DFB6-48C4-84EB-537D603689A2}.Debug|Win32.ActiveCfg = Debug|Any CPU
		{AD5990D1-DFB6-48C4-84EB-537D603689A2}.Debug|Win32.Build.0 = Debug|Any CPU
		{AD5990D1-DFB6-48C4-84EB-537D603689A2}.Debug|x86.ActiveCfg = Debug|Any CPU
		{AD5990D1-DFB6-48C4-84EB-537D603689A2}.Release|Any CPU.ActiveCfg = Release|Any CPU
		{AD5990D1-DFB6-48C4-84EB-537D603689A2}.Release|Any CPU.Build.0 = Release|Any CPU
		{AD5990D1-DFB6-48C4-84EB-537D603689A2}.Release|Mixed Platforms.ActiveCfg = Release|Any CPU
		{AD5990D1-DFB6-48C4-84EB-537D603689A2}.Release|Mixed Platforms.Build.0 = Release|Any CPU
		{AD5990D1-DFB6-48C4-84EB-537D603689A2}.Release|Win32.ActiveCfg = Release|Any CPU
		{AD5990D1-DFB6-48C4-84EB-537D603689A2}.Release|Win32.Build.0 = Release|Any CPU
		{AD5990D1-DFB6-48C4-84EB-537D603689A2}.Release|x86.ActiveCfg = Release|Any CPU
		{AD5990D1-DFB6-48C4-84EB-537D603689A2}.Release|x86.Build.0 = Release|Any CPU
		{C6746BE1-914E-4605-BEF1-85C16E2FD5CD}.Debug|Any CPU.ActiveCfg = Debug|Any CPU
		{C6746BE1-914E-4605-BEF1-85C16E2FD5CD}.Debug|Any CPU.Build.0 = Debug|Any CPU
		{C6746BE1-914E-4605-BEF1-85C16E2FD5CD}.Debug|Mixed Platforms.ActiveCfg = Debug|Any CPU
		{C6746BE1-914E-4605-BEF1-85C16E2FD5CD}.Debug|Mixed Platforms.Build.0 = Debug|Any CPU
		{C6746BE1-914E-4605-BEF1-85C16E2FD5CD}.Debug|Win32.ActiveCfg = Debug|Any CPU
		{C6746BE1-914E-4605-BEF1-85C16E2FD5CD}.Debug|Win32.Build.0 = Debug|Any CPU
		{C6746BE1-914E-4605-BEF1-85C16E2FD5CD}.Debug|x86.ActiveCfg = Debug|Any CPU
		{C6746BE1-914E-4605-BEF1-85C16E2FD5CD}.Release|Any CPU.ActiveCfg = Release|Any CPU
		{C6746BE1-914E-4605-BEF1-85C16E2FD5CD}.Release|Any CPU.Build.0 = Release|Any CPU
		{C6746BE1-914E-4605-BEF1-85C16E2FD5CD}.Release|Mixed Platforms.ActiveCfg = Release|Any CPU
		{C6746BE1-914E-4605-BEF1-85C16E2FD5CD}.Release|Mixed Platforms.Build.0 = Release|Any CPU
		{C6746BE1-914E-4605-BEF1-85C16E2FD5CD}.Release|Win32.ActiveCfg = Release|Any CPU
		{C6746BE1-914E-4605-BEF1-85C16E2FD5CD}.Release|Win32.Build.0 = Release|Any CPU
		{C6746BE1-914E-4605-BEF1-85C16E2FD5CD}.Release|x86.ActiveCfg = Release|Any CPU
		{C6746BE1-914E-4605-BEF1-85C16E2FD5CD}.Release|x86.Build.0 = Release|Any CPU
		{FC45592B-51D5-4247-B795-996CBD3B7206}.Debug|Any CPU.ActiveCfg = Debug|Any CPU
		{FC45592B-51D5-4247-B795-996CBD3B7206}.Debug|Any CPU.Build.0 = Debug|Any CPU
		{FC45592B-51D5-4247-B795-996CBD3B7206}.Debug|Mixed Platforms.ActiveCfg = Debug|Any CPU
		{FC45592B-51D5-4247-B795-996CBD3B7206}.Debug|Mixed Platforms.Build.0 = Debug|Any CPU
		{FC45592B-51D5-4247-B795-996CBD3B7206}.Debug|Win32.ActiveCfg = Debug|Any CPU
		{FC45592B-51D5-4247-B795-996CBD3B7206}.Debug|Win32.Build.0 = Debug|Any CPU
		{FC45592B-51D5-4247-B795-996CBD3B7206}.Debug|x86.ActiveCfg = Debug|Any CPU
		{FC45592B-51D5-4247-B795-996CBD3B7206}.Debug|x86.Build.0 = Debug|Any CPU
		{FC45592B-51D5-4247-B795-996CBD3B7206}.Release|Any CPU.ActiveCfg = Release|Any CPU
		{FC45592B-51D5-4247-B795-996CBD3B7206}.Release|Any CPU.Build.0 = Release|Any CPU
		{FC45592B-51D5-4247-B795-996CBD3B7206}.Release|Mixed Platforms.ActiveCfg = Release|Any CPU
		{FC45592B-51D5-4247-B795-996CBD3B7206}.Release|Mixed Platforms.Build.0 = Release|Any CPU
		{FC45592B-51D5-4247-B795-996CBD3B7206}.Release|Win32.ActiveCfg = Release|Any CPU
		{FC45592B-51D5-4247-B795-996CBD3B7206}.Release|Win32.Build.0 = Release|Any CPU
		{FC45592B-51D5-4247-B795-996CBD3B7206}.Release|x86.ActiveCfg = Release|Any CPU
		{FC45592B-51D5-4247-B795-996CBD3B7206}.Release|x86.Build.0 = Release|Any CPU
		{6DC104A8-C8C2-4ADE-B02E-EA0F17D50DBF}.Debug|Any CPU.ActiveCfg = Debug|Any CPU
		{6DC104A8-C8C2-4ADE-B02E-EA0F17D50DBF}.Debug|Any CPU.Build.0 = Debug|Any CPU
		{6DC104A8-C8C2-4ADE-B02E-EA0F17D50DBF}.Debug|Mixed Platforms.ActiveCfg = Debug|Any CPU
		{6DC104A8-C8C2-4ADE-B02E-EA0F17D50DBF}.Debug|Mixed Platforms.Build.0 = Debug|Any CPU
		{6DC104A8-C8C2-4ADE-B02E-EA0F17D50DBF}.Debug|Win32.ActiveCfg = Debug|Any CPU
		{6DC104A8-C8C2-4ADE-B02E-EA0F17D50DBF}.Debug|Win32.Build.0 = Debug|Any CPU
		{6DC104A8-C8C2-4ADE-B02E-EA0F17D50DBF}.Debug|x86.ActiveCfg = Debug|Any CPU
		{6DC104A8-C8C2-4ADE-B02E-EA0F17D50DBF}.Debug|x86.Build.0 = Debug|Any CPU
		{6DC104A8-C8C2-4ADE-B02E-EA0F17D50DBF}.Release|Any CPU.ActiveCfg = Release|Any CPU
		{6DC104A8-C8C2-4ADE-B02E-EA0F17D50DBF}.Release|Any CPU.Build.0 = Release|Any CPU
		{6DC104A8-C8C2-4ADE-B02E-EA0F17D50DBF}.Release|Mixed Platforms.ActiveCfg = Release|Any CPU
		{6DC104A8-C8C2-4ADE-B02E-EA0F17D50DBF}.Release|Mixed Platforms.Build.0 = Release|Any CPU
		{6DC104A8-C8C2-4ADE-B02E-EA0F17D50DBF}.Release|Win32.ActiveCfg = Release|Any CPU
		{6DC104A8-C8C2-4ADE-B02E-EA0F17D50DBF}.Release|Win32.Build.0 = Release|Any CPU
		{6DC104A8-C8C2-4ADE-B02E-EA0F17D50DBF}.Release|x86.ActiveCfg = Release|Any CPU
		{6DC104A8-C8C2-4ADE-B02E-EA0F17D50DBF}.Release|x86.Build.0 = Release|Any CPU
		{10FFC4C6-170E-40FE-8045-CC669E132E2C}.Debug|Any CPU.ActiveCfg = Debug|Any CPU
		{10FFC4C6-170E-40FE-8045-CC669E132E2C}.Debug|Any CPU.Build.0 = Debug|Any CPU
		{10FFC4C6-170E-40FE-8045-CC669E132E2C}.Debug|Mixed Platforms.ActiveCfg = Debug|Any CPU
		{10FFC4C6-170E-40FE-8045-CC669E132E2C}.Debug|Mixed Platforms.Build.0 = Debug|Any CPU
		{10FFC4C6-170E-40FE-8045-CC669E132E2C}.Debug|Win32.ActiveCfg = Debug|Any CPU
		{10FFC4C6-170E-40FE-8045-CC669E132E2C}.Debug|Win32.Build.0 = Debug|Any CPU
		{10FFC4C6-170E-40FE-8045-CC669E132E2C}.Debug|x86.ActiveCfg = Debug|Any CPU
		{10FFC4C6-170E-40FE-8045-CC669E132E2C}.Debug|x86.Build.0 = Debug|Any CPU
		{10FFC4C6-170E-40FE-8045-CC669E132E2C}.Release|Any CPU.ActiveCfg = Release|Any CPU
		{10FFC4C6-170E-40FE-8045-CC669E132E2C}.Release|Any CPU.Build.0 = Release|Any CPU
		{10FFC4C6-170E-40FE-8045-CC669E132E2C}.Release|Mixed Platforms.ActiveCfg = Release|Any CPU
		{10FFC4C6-170E-40FE-8045-CC669E132E2C}.Release|Mixed Platforms.Build.0 = Release|Any CPU
		{10FFC4C6-170E-40FE-8045-CC669E132E2C}.Release|Win32.ActiveCfg = Release|Any CPU
		{10FFC4C6-170E-40FE-8045-CC669E132E2C}.Release|Win32.Build.0 = Release|Any CPU
		{10FFC4C6-170E-40FE-8045-CC669E132E2C}.Release|x86.ActiveCfg = Release|Any CPU
		{10FFC4C6-170E-40FE-8045-CC669E132E2C}.Release|x86.Build.0 = Release|Any CPU
		{56396488-FA80-485F-ABE5-BE2A25DE1919}.Debug|Any CPU.ActiveCfg = Debug|Any CPU
		{56396488-FA80-485F-ABE5-BE2A25DE1919}.Debug|Any CPU.Build.0 = Debug|Any CPU
		{56396488-FA80-485F-ABE5-BE2A25DE1919}.Debug|Mixed Platforms.ActiveCfg = Debug|Any CPU
		{56396488-FA80-485F-ABE5-BE2A25DE1919}.Debug|Mixed Platforms.Build.0 = Debug|Any CPU
		{56396488-FA80-485F-ABE5-BE2A25DE1919}.Debug|Win32.ActiveCfg = Debug|Any CPU
		{56396488-FA80-485F-ABE5-BE2A25DE1919}.Debug|Win32.Build.0 = Debug|Any CPU
		{56396488-FA80-485F-ABE5-BE2A25DE1919}.Debug|x86.ActiveCfg = Debug|Any CPU
		{56396488-FA80-485F-ABE5-BE2A25DE1919}.Debug|x86.Build.0 = Debug|Any CPU
		{56396488-FA80-485F-ABE5-BE2A25DE1919}.Release|Any CPU.ActiveCfg = Release|Any CPU
		{56396488-FA80-485F-ABE5-BE2A25DE1919}.Release|Any CPU.Build.0 = Release|Any CPU
		{56396488-FA80-485F-ABE5-BE2A25DE1919}.Release|Mixed Platforms.ActiveCfg = Release|Any CPU
		{56396488-FA80-485F-ABE5-BE2A25DE1919}.Release|Mixed Platforms.Build.0 = Release|Any CPU
		{56396488-FA80-485F-ABE5-BE2A25DE1919}.Release|Win32.ActiveCfg = Release|Any CPU
		{56396488-FA80-485F-ABE5-BE2A25DE1919}.Release|Win32.Build.0 = Release|Any CPU
		{56396488-FA80-485F-ABE5-BE2A25DE1919}.Release|x86.ActiveCfg = Release|Any CPU
		{56396488-FA80-485F-ABE5-BE2A25DE1919}.Release|x86.Build.0 = Release|Any CPU
		{4E702982-177D-4F92-ADA1-245B8D34D23F}.Debug|Any CPU.ActiveCfg = Debug|Any CPU
		{4E702982-177D-4F92-ADA1-245B8D34D23F}.Debug|Any CPU.Build.0 = Debug|Any CPU
		{4E702982-177D-4F92-ADA1-245B8D34D23F}.Debug|Mixed Platforms.ActiveCfg = Debug|x86
		{4E702982-177D-4F92-ADA1-245B8D34D23F}.Debug|Mixed Platforms.Build.0 = Debug|x86
		{4E702982-177D-4F92-ADA1-245B8D34D23F}.Debug|Win32.ActiveCfg = Debug|x86
		{4E702982-177D-4F92-ADA1-245B8D34D23F}.Debug|Win32.Build.0 = Debug|x86
		{4E702982-177D-4F92-ADA1-245B8D34D23F}.Debug|x86.ActiveCfg = Debug|x86
		{4E702982-177D-4F92-ADA1-245B8D34D23F}.Debug|x86.Build.0 = Debug|x86
		{4E702982-177D-4F92-ADA1-245B8D34D23F}.Release|Any CPU.ActiveCfg = Release|Any CPU
		{4E702982-177D-4F92-ADA1-245B8D34D23F}.Release|Any CPU.Build.0 = Release|Any CPU
		{4E702982-177D-4F92-ADA1-245B8D34D23F}.Release|Mixed Platforms.ActiveCfg = Release|x86
		{4E702982-177D-4F92-ADA1-245B8D34D23F}.Release|Mixed Platforms.Build.0 = Release|x86
		{4E702982-177D-4F92-ADA1-245B8D34D23F}.Release|Win32.ActiveCfg = Release|x86
		{4E702982-177D-4F92-ADA1-245B8D34D23F}.Release|Win32.Build.0 = Release|x86
		{4E702982-177D-4F92-ADA1-245B8D34D23F}.Release|x86.ActiveCfg = Release|x86
		{4E702982-177D-4F92-ADA1-245B8D34D23F}.Release|x86.Build.0 = Release|x86
		{B4E4733D-2B6F-4C20-98B6-684D3B01D591}.Debug|Any CPU.ActiveCfg = Debug|Any CPU
		{B4E4733D-2B6F-4C20-98B6-684D3B01D591}.Debug|Any CPU.Build.0 = Debug|Any CPU
		{B4E4733D-2B6F-4C20-98B6-684D3B01D591}.Debug|Mixed Platforms.ActiveCfg = Debug|Any CPU
		{B4E4733D-2B6F-4C20-98B6-684D3B01D591}.Debug|Mixed Platforms.Build.0 = Debug|Any CPU
		{B4E4733D-2B6F-4C20-98B6-684D3B01D591}.Debug|Win32.ActiveCfg = Debug|Any CPU
		{B4E4733D-2B6F-4C20-98B6-684D3B01D591}.Debug|Win32.Build.0 = Debug|Any CPU
		{B4E4733D-2B6F-4C20-98B6-684D3B01D591}.Debug|x86.ActiveCfg = Debug|Any CPU
		{B4E4733D-2B6F-4C20-98B6-684D3B01D591}.Debug|x86.Build.0 = Debug|Any CPU
		{B4E4733D-2B6F-4C20-98B6-684D3B01D591}.Release|Any CPU.ActiveCfg = Release|Any CPU
		{B4E4733D-2B6F-4C20-98B6-684D3B01D591}.Release|Any CPU.Build.0 = Release|Any CPU
		{B4E4733D-2B6F-4C20-98B6-684D3B01D591}.Release|Mixed Platforms.ActiveCfg = Release|Any CPU
		{B4E4733D-2B6F-4C20-98B6-684D3B01D591}.Release|Mixed Platforms.Build.0 = Release|Any CPU
		{B4E4733D-2B6F-4C20-98B6-684D3B01D591}.Release|Win32.ActiveCfg = Release|Any CPU
		{B4E4733D-2B6F-4C20-98B6-684D3B01D591}.Release|Win32.Build.0 = Release|Any CPU
		{B4E4733D-2B6F-4C20-98B6-684D3B01D591}.Release|x86.ActiveCfg = Release|Any CPU
		{B4E4733D-2B6F-4C20-98B6-684D3B01D591}.Release|x86.Build.0 = Release|Any CPU
		{41742EEB-961D-45AD-80C5-306BD29A6789}.Debug|Any CPU.ActiveCfg = Debug|Any CPU
		{41742EEB-961D-45AD-80C5-306BD29A6789}.Debug|Any CPU.Build.0 = Debug|Any CPU
		{41742EEB-961D-45AD-80C5-306BD29A6789}.Debug|Mixed Platforms.ActiveCfg = Debug|Any CPU
		{41742EEB-961D-45AD-80C5-306BD29A6789}.Debug|Mixed Platforms.Build.0 = Debug|Any CPU
		{41742EEB-961D-45AD-80C5-306BD29A6789}.Debug|Win32.ActiveCfg = Debug|Any CPU
		{41742EEB-961D-45AD-80C5-306BD29A6789}.Debug|Win32.Build.0 = Debug|Any CPU
		{41742EEB-961D-45AD-80C5-306BD29A6789}.Debug|x86.ActiveCfg = Debug|Any CPU
		{41742EEB-961D-45AD-80C5-306BD29A6789}.Debug|x86.Build.0 = Debug|Any CPU
		{41742EEB-961D-45AD-80C5-306BD29A6789}.Release|Any CPU.ActiveCfg = Release|Any CPU
		{41742EEB-961D-45AD-80C5-306BD29A6789}.Release|Any CPU.Build.0 = Release|Any CPU
		{41742EEB-961D-45AD-80C5-306BD29A6789}.Release|Mixed Platforms.ActiveCfg = Release|Any CPU
		{41742EEB-961D-45AD-80C5-306BD29A6789}.Release|Mixed Platforms.Build.0 = Release|Any CPU
		{41742EEB-961D-45AD-80C5-306BD29A6789}.Release|Win32.ActiveCfg = Release|Any CPU
		{41742EEB-961D-45AD-80C5-306BD29A6789}.Release|Win32.Build.0 = Release|Any CPU
		{41742EEB-961D-45AD-80C5-306BD29A6789}.Release|x86.ActiveCfg = Release|Any CPU
		{41742EEB-961D-45AD-80C5-306BD29A6789}.Release|x86.Build.0 = Release|Any CPU
	EndGlobalSection
	GlobalSection(SolutionProperties) = preSolution
		HideSolutionNode = FALSE
	EndGlobalSection
	GlobalSection(NestedProjects) = preSolution
		{E5687374-3E49-4DBC-94EE-9AE65D13D194} = {51BB6AE0-D27F-4C83-A4FB-B97F08B76F83}
		{BF93A4D0-89E8-4DD2-B9BB-C2C57253B682} = {51BB6AE0-D27F-4C83-A4FB-B97F08B76F83}
		{8FE7C3FD-CFB5-4D36-A6BF-852316FF9A3B} = {51BB6AE0-D27F-4C83-A4FB-B97F08B76F83}
		{74B73920-9837-494D-BB63-FF1B2DB936CA} = {51BB6AE0-D27F-4C83-A4FB-B97F08B76F83}
		{4AB99CFC-ED45-4A7F-A33F-BA6F66018DF8} = {51BB6AE0-D27F-4C83-A4FB-B97F08B76F83}
		{A5F0F07A-BDE9-4E52-8742-CF42F40E0654} = {51BB6AE0-D27F-4C83-A4FB-B97F08B76F83}
		{FB89133D-AAAE-4835-9690-89F1CCF4BB2C} = {51BB6AE0-D27F-4C83-A4FB-B97F08B76F83}
		{6D95FB97-1AD1-45B0-A37D-09FC80798AAF} = {51BB6AE0-D27F-4C83-A4FB-B97F08B76F83}
		{444091E7-CDA8-45B4-BDE1-EE5AAA8C6CA7} = {51BB6AE0-D27F-4C83-A4FB-B97F08B76F83}
		{BF95AF75-717B-4ADF-A0E4-F817DB0F3DEE} = {51BB6AE0-D27F-4C83-A4FB-B97F08B76F83}
		{0E66943E-C9E0-4B4F-919F-B174C74C9033} = {51BB6AE0-D27F-4C83-A4FB-B97F08B76F83}
		{A65050B9-A1AF-44F3-B7B3-7734D5CD28D8} = {51BB6AE0-D27F-4C83-A4FB-B97F08B76F83}
		{994EB604-DB12-4416-A349-D5F6B7B71890} = {51BB6AE0-D27F-4C83-A4FB-B97F08B76F83}
		{B9C0A8D8-6E2A-4060-9F1D-EC0F270C3B6D} = {51BB6AE0-D27F-4C83-A4FB-B97F08B76F83}
		{90105D2F-4DA6-4CA0-A73F-9D2F532AD617} = {51BB6AE0-D27F-4C83-A4FB-B97F08B76F83}
		{A75A1F0F-C7E5-4951-A9B7-EFCD5E3FED60} = {51BB6AE0-D27F-4C83-A4FB-B97F08B76F83}
		{96E926A3-2CEC-4FD8-83EA-FCD0EE572DB2} = {51BB6AE0-D27F-4C83-A4FB-B97F08B76F83}
		{49291528-450F-4BB2-A77A-DC1C3906FDB1} = {51BB6AE0-D27F-4C83-A4FB-B97F08B76F83}
		{E58A9757-1E2C-4735-ABFF-29274E860ED2} = {51BB6AE0-D27F-4C83-A4FB-B97F08B76F83}
		{221ACECB-F013-4BFE-9088-EF608EE59BBF} = {51BB6AE0-D27F-4C83-A4FB-B97F08B76F83}
		{B96DE953-4054-4F3B-88B2-4F3F664CC37C} = {51BB6AE0-D27F-4C83-A4FB-B97F08B76F83}
		{C81DD83C-B5A4-489A-BE48-D7407C8EB332} = {51BB6AE0-D27F-4C83-A4FB-B97F08B76F83}
		{E5A06DBF-C6F5-4E41-BE1F-822A143CF6D6} = {51BB6AE0-D27F-4C83-A4FB-B97F08B76F83}
		{86F34B11-CC03-48ED-96A7-703BDBF8EEF9} = {8DB24A4E-8509-495B-8D7F-2A7B295BCBAA}
		{10D44A4F-1C65-4981-A07D-292C9AB9F596} = {8DB24A4E-8509-495B-8D7F-2A7B295BCBAA}
		{874545B0-D2D9-4D1B-A78C-1ECAE8558278} = {51BB6AE0-D27F-4C83-A4FB-B97F08B76F83}
		{3E7F0E63-9D71-4374-93AE-094890725DC3} = {51BB6AE0-D27F-4C83-A4FB-B97F08B76F83}
		{BE04A199-BBAD-4E50-B657-D0C71660E0CF} = {51BB6AE0-D27F-4C83-A4FB-B97F08B76F83}
		{42797F0B-9C1E-4590-93DC-2FA846A560D5} = {51BB6AE0-D27F-4C83-A4FB-B97F08B76F83}
		{C818B611-D9DF-4CC0-BF4D-0A9683F81AE8} = {51BB6AE0-D27F-4C83-A4FB-B97F08B76F83}
		{529EFD94-4FC0-46FF-AFBC-431563F16B97} = {51BB6AE0-D27F-4C83-A4FB-B97F08B76F83}
		{E2C58F67-46F3-4F46-B691-262396DCE7F4} = {51BB6AE0-D27F-4C83-A4FB-B97F08B76F83}
		{43BE2D9F-254D-4FE3-BC36-C19C87C64C6B} = {51BB6AE0-D27F-4C83-A4FB-B97F08B76F83}
		{B71CB8BF-5FE7-4266-83A4-18A367E30F96} = {8DB24A4E-8509-495B-8D7F-2A7B295BCBAA}
		{27BAF70C-E1CF-4AC0-8ED1-91CD13FE6E08} = {51BB6AE0-D27F-4C83-A4FB-B97F08B76F83}
		{E2921F23-BD90-4B9A-A1DF-2506C6D82958} = {51BB6AE0-D27F-4C83-A4FB-B97F08B76F83}
		{A9100B11-69F3-4300-91B9-356AB4444253} = {51BB6AE0-D27F-4C83-A4FB-B97F08B76F83}
		{5DDE97B5-55D7-4B4E-AF08-A266012C5831} = {51BB6AE0-D27F-4C83-A4FB-B97F08B76F83}
		{21CBD376-3DF1-4CD1-816B-545DA94A4F97} = {51BB6AE0-D27F-4C83-A4FB-B97F08B76F83}
		{EC35DEE1-72EE-454F-B299-EF3271E30B39} = {51BB6AE0-D27F-4C83-A4FB-B97F08B76F83}
		{4F777D6C-1DA5-4932-AD6B-A39FB21DFCC3} = {8DB24A4E-8509-495B-8D7F-2A7B295BCBAA}
		{07DA13ED-5E8F-4A1E-ABB5-51CD08CB9B64} = {51BB6AE0-D27F-4C83-A4FB-B97F08B76F83}
		{F20E6717-5EDF-4DB0-9EED-71E1FB1FF225} = {51BB6AE0-D27F-4C83-A4FB-B97F08B76F83}
		{3A0473EB-DF3A-4D3C-A1BB-BF3C828844B0} = {51BB6AE0-D27F-4C83-A4FB-B97F08B76F83}
		{D2A189FC-C293-4974-86F1-21007E6F46DD} = {51BB6AE0-D27F-4C83-A4FB-B97F08B76F83}
		{7240E187-D299-4DBE-A33B-78BD4BD44C85} = {51BB6AE0-D27F-4C83-A4FB-B97F08B76F83}
		{268E29DE-25D5-4868-A31A-BDBC64731D96} = {51BB6AE0-D27F-4C83-A4FB-B97F08B76F83}
		{8ED1BBAA-AC6E-48B7-B730-92EB23B33AF4} = {51BB6AE0-D27F-4C83-A4FB-B97F08B76F83}
		{F147F20E-6576-4A7C-945A-D61BCC85505A} = {51BB6AE0-D27F-4C83-A4FB-B97F08B76F83}
		{AD5990D1-DFB6-48C4-84EB-537D603689A2} = {51BB6AE0-D27F-4C83-A4FB-B97F08B76F83}
		{C6746BE1-914E-4605-BEF1-85C16E2FD5CD} = {51BB6AE0-D27F-4C83-A4FB-B97F08B76F83}
		{FC45592B-51D5-4247-B795-996CBD3B7206} = {51BB6AE0-D27F-4C83-A4FB-B97F08B76F83}
		{6DC104A8-C8C2-4ADE-B02E-EA0F17D50DBF} = {51BB6AE0-D27F-4C83-A4FB-B97F08B76F83}
		{56396488-FA80-485F-ABE5-BE2A25DE1919} = {8DB24A4E-8509-495B-8D7F-2A7B295BCBAA}
		{4E702982-177D-4F92-ADA1-245B8D34D23F} = {51BB6AE0-D27F-4C83-A4FB-B97F08B76F83}
	EndGlobalSection
	GlobalSection(ExtensibilityGlobals) = postSolution
		SolutionGuid = {B992CA62-2F88-4839-9155-E6972161BDC0}
	EndGlobalSection
	GlobalSection(SharedMSBuildProjectFiles) = preSolution
		LibSomeFiles\LibSomeFiles.projitems*{06662f27-f4af-4d84-a8a8-fade95acf9a2}*SharedItemsImports = 4
		LibSomeFiles\LibSomeFiles.projitems*{10d44a4f-1c65-4981-a07d-292c9ab9f596}*SharedItemsImports = 4
		LibSomeFiles\LibSomeFiles.projitems*{4e702982-177d-4f92-ada1-245b8d34d23f}*SharedItemsImports = 4
		ef1SomeFiles\ef1SomeFiles.projitems*{50e37047-9404-4f9e-936b-cc603754f9af}*SharedItemsImports = 4
		LibSomeFiles\LibSomeFiles.projitems*{562259ee-93b9-4ca3-be4b-f4887b6fb342}*SharedItemsImports = 4
		LibSomeFiles\LibSomeFiles.projitems*{74734a53-6b11-48ca-94ef-267c2cc5fe53}*SharedItemsImports = 4
		LibSomeFiles\LibSomeFiles.projitems*{86f34b11-cc03-48ed-96a7-703bdbf8eef9}*SharedItemsImports = 4
		ef1SomeFiles\ef1SomeFiles.projitems*{998f4866-c1fa-49a3-9600-c9c25e4885c7}*SharedItemsImports = 13
		ef1SomeFiles\ef1SomeFiles.projitems*{b2ba504a-21e6-46b1-9481-c9e6127ae9ab}*SharedItemsImports = 4
		LibSomeFiles\LibSomeFiles.projitems*{b71cb8bf-5fe7-4266-83a4-18a367e30f96}*SharedItemsImports = 4
		LibSomeFiles\LibSomeFiles.projitems*{eeafb3f7-bf49-4f35-849d-82eacaf8d098}*SharedItemsImports = 13
	EndGlobalSection
EndGlobal
